// !$*UTF8*$!
{
	archiveVersion = 1;
	classes = {
	};
	objectVersion = 50;
	objects = {

/* Begin PBXBuildFile section */
		FA1E1886252A1DA2006B7787 /* UIImageView.swift in Sources */ = {isa = PBXBuildFile; fileRef = FA1E1885252A1DA2006B7787 /* UIImageView.swift */; };
		FA1F9F232529F0FA00FDE804 /* AppDelegate.swift in Sources */ = {isa = PBXBuildFile; fileRef = FA1F9F222529F0FA00FDE804 /* AppDelegate.swift */; };
		FA1F9F252529F0FA00FDE804 /* SceneDelegate.swift in Sources */ = {isa = PBXBuildFile; fileRef = FA1F9F242529F0FA00FDE804 /* SceneDelegate.swift */; };
		FA1F9F2C2529F0FF00FDE804 /* Assets.xcassets in Resources */ = {isa = PBXBuildFile; fileRef = FA1F9F2B2529F0FF00FDE804 /* Assets.xcassets */; };
		FA1F9F2F2529F0FF00FDE804 /* LaunchScreen.storyboard in Resources */ = {isa = PBXBuildFile; fileRef = FA1F9F2D2529F0FF00FDE804 /* LaunchScreen.storyboard */; };
		FA1F9F442529F30700FDE804 /* DashboardViewController.swift in Sources */ = {isa = PBXBuildFile; fileRef = FA1F9F422529F30700FDE804 /* DashboardViewController.swift */; };
		FA1F9F452529F30700FDE804 /* DashboardViewController.xib in Resources */ = {isa = PBXBuildFile; fileRef = FA1F9F432529F30700FDE804 /* DashboardViewController.xib */; };
		FA1F9F582529F52B00FDE804 /* BaseWireframe.swift in Sources */ = {isa = PBXBuildFile; fileRef = FA1F9F572529F52B00FDE804 /* BaseWireframe.swift */; };
		FA1F9F5C2529F55D00FDE804 /* PresenterInterface.swift in Sources */ = {isa = PBXBuildFile; fileRef = FA1F9F5B2529F55D00FDE804 /* PresenterInterface.swift */; };
		FA1F9F5F2529F7B500FDE804 /* ViewInterface.swift in Sources */ = {isa = PBXBuildFile; fileRef = FA1F9F5E2529F7B500FDE804 /* ViewInterface.swift */; };
		FA1F9F622529F7D800FDE804 /* InteractorInterface.swift in Sources */ = {isa = PBXBuildFile; fileRef = FA1F9F612529F7D800FDE804 /* InteractorInterface.swift */; };
		FA1F9F692529F92A00FDE804 /* DashboardInterface.swift in Sources */ = {isa = PBXBuildFile; fileRef = FA1F9F682529F92A00FDE804 /* DashboardInterface.swift */; };
		FA1F9F6C2529F99100FDE804 /* DashboardPresenter.swift in Sources */ = {isa = PBXBuildFile; fileRef = FA1F9F6B2529F99100FDE804 /* DashboardPresenter.swift */; };
		FA1F9F6F2529F9A300FDE804 /* DashboardWireframe.swift in Sources */ = {isa = PBXBuildFile; fileRef = FA1F9F6E2529F9A300FDE804 /* DashboardWireframe.swift */; };
		FA1F9F722529FA9100FDE804 /* DashboardInteractor.swift in Sources */ = {isa = PBXBuildFile; fileRef = FA1F9F712529FA9100FDE804 /* DashboardInteractor.swift */; };
		FA1F9F7D252A06D300FDE804 /* MovieDetailViewController.swift in Sources */ = {isa = PBXBuildFile; fileRef = FA1F9F7B252A06D300FDE804 /* MovieDetailViewController.swift */; };
		FA1F9F7E252A06D300FDE804 /* MovieDetailViewController.xib in Resources */ = {isa = PBXBuildFile; fileRef = FA1F9F7C252A06D300FDE804 /* MovieDetailViewController.xib */; };
		FA1F9F82252A06E400FDE804 /* MovieDetailInterface.swift in Sources */ = {isa = PBXBuildFile; fileRef = FA1F9F81252A06E400FDE804 /* MovieDetailInterface.swift */; };
		FA1F9F85252A074A00FDE804 /* MovieDetailPresenter.swift in Sources */ = {isa = PBXBuildFile; fileRef = FA1F9F84252A074A00FDE804 /* MovieDetailPresenter.swift */; };
		FA1F9F88252A077E00FDE804 /* MovieDetailWireframe.swift in Sources */ = {isa = PBXBuildFile; fileRef = FA1F9F87252A077E00FDE804 /* MovieDetailWireframe.swift */; };
		FA1F9F8C252A08FF00FDE804 /* MovieDetailInteractor.swift in Sources */ = {isa = PBXBuildFile; fileRef = FA1F9F8B252A08FF00FDE804 /* MovieDetailInteractor.swift */; };
		FA1F9F90252A0F1800FDE804 /* MovieList.swift in Sources */ = {isa = PBXBuildFile; fileRef = FA1F9F8F252A0F1800FDE804 /* MovieList.swift */; };
		FAB613EF252A154500BA87D4 /* MovieCell.swift in Sources */ = {isa = PBXBuildFile; fileRef = FAB613ED252A154500BA87D4 /* MovieCell.swift */; };
		FAB613F0252A154500BA87D4 /* MovieCell.xib in Resources */ = {isa = PBXBuildFile; fileRef = FAB613EE252A154500BA87D4 /* MovieCell.xib */; };
		FADA6F3C252A43B000B8C4D9 /* README.md in Resources */ = {isa = PBXBuildFile; fileRef = FADA6F3B252A43B000B8C4D9 /* README.md */; };
/* End PBXBuildFile section */

/* Begin PBXFileReference section */
		FA1E1885252A1DA2006B7787 /* UIImageView.swift */ = {isa = PBXFileReference; lastKnownFileType = sourcecode.swift; path = UIImageView.swift; sourceTree = "<group>"; };
		FA1F9F1F2529F0FA00FDE804 /* Viper App.app */ = {isa = PBXFileReference; explicitFileType = wrapper.application; includeInIndex = 0; path = "Viper App.app"; sourceTree = BUILT_PRODUCTS_DIR; };
		FA1F9F222529F0FA00FDE804 /* AppDelegate.swift */ = {isa = PBXFileReference; lastKnownFileType = sourcecode.swift; path = AppDelegate.swift; sourceTree = "<group>"; };
		FA1F9F242529F0FA00FDE804 /* SceneDelegate.swift */ = {isa = PBXFileReference; lastKnownFileType = sourcecode.swift; path = SceneDelegate.swift; sourceTree = "<group>"; };
		FA1F9F2B2529F0FF00FDE804 /* Assets.xcassets */ = {isa = PBXFileReference; lastKnownFileType = folder.assetcatalog; path = Assets.xcassets; sourceTree = "<group>"; };
		FA1F9F2E2529F0FF00FDE804 /* Base */ = {isa = PBXFileReference; lastKnownFileType = file.storyboard; name = Base; path = Base.lproj/LaunchScreen.storyboard; sourceTree = "<group>"; };
		FA1F9F302529F0FF00FDE804 /* Info.plist */ = {isa = PBXFileReference; lastKnownFileType = text.plist.xml; path = Info.plist; sourceTree = "<group>"; };
		FA1F9F422529F30700FDE804 /* DashboardViewController.swift */ = {isa = PBXFileReference; lastKnownFileType = sourcecode.swift; path = DashboardViewController.swift; sourceTree = "<group>"; };
		FA1F9F432529F30700FDE804 /* DashboardViewController.xib */ = {isa = PBXFileReference; lastKnownFileType = file.xib; path = DashboardViewController.xib; sourceTree = "<group>"; };
		FA1F9F572529F52B00FDE804 /* BaseWireframe.swift */ = {isa = PBXFileReference; lastKnownFileType = sourcecode.swift; path = BaseWireframe.swift; sourceTree = "<group>"; };
		FA1F9F5B2529F55D00FDE804 /* PresenterInterface.swift */ = {isa = PBXFileReference; lastKnownFileType = sourcecode.swift; path = PresenterInterface.swift; sourceTree = "<group>"; };
		FA1F9F5E2529F7B500FDE804 /* ViewInterface.swift */ = {isa = PBXFileReference; lastKnownFileType = sourcecode.swift; path = ViewInterface.swift; sourceTree = "<group>"; };
		FA1F9F612529F7D800FDE804 /* InteractorInterface.swift */ = {isa = PBXFileReference; lastKnownFileType = sourcecode.swift; path = InteractorInterface.swift; sourceTree = "<group>"; };
		FA1F9F682529F92A00FDE804 /* DashboardInterface.swift */ = {isa = PBXFileReference; lastKnownFileType = sourcecode.swift; path = DashboardInterface.swift; sourceTree = "<group>"; };
		FA1F9F6B2529F99100FDE804 /* DashboardPresenter.swift */ = {isa = PBXFileReference; lastKnownFileType = sourcecode.swift; path = DashboardPresenter.swift; sourceTree = "<group>"; };
		FA1F9F6E2529F9A300FDE804 /* DashboardWireframe.swift */ = {isa = PBXFileReference; lastKnownFileType = sourcecode.swift; path = DashboardWireframe.swift; sourceTree = "<group>"; };
		FA1F9F712529FA9100FDE804 /* DashboardInteractor.swift */ = {isa = PBXFileReference; lastKnownFileType = sourcecode.swift; path = DashboardInteractor.swift; sourceTree = "<group>"; };
		FA1F9F7B252A06D300FDE804 /* MovieDetailViewController.swift */ = {isa = PBXFileReference; lastKnownFileType = sourcecode.swift; path = MovieDetailViewController.swift; sourceTree = "<group>"; };
		FA1F9F7C252A06D300FDE804 /* MovieDetailViewController.xib */ = {isa = PBXFileReference; lastKnownFileType = file.xib; path = MovieDetailViewController.xib; sourceTree = "<group>"; };
		FA1F9F81252A06E400FDE804 /* MovieDetailInterface.swift */ = {isa = PBXFileReference; lastKnownFileType = sourcecode.swift; path = MovieDetailInterface.swift; sourceTree = "<group>"; };
		FA1F9F84252A074A00FDE804 /* MovieDetailPresenter.swift */ = {isa = PBXFileReference; lastKnownFileType = sourcecode.swift; path = MovieDetailPresenter.swift; sourceTree = "<group>"; };
		FA1F9F87252A077E00FDE804 /* MovieDetailWireframe.swift */ = {isa = PBXFileReference; lastKnownFileType = sourcecode.swift; path = MovieDetailWireframe.swift; sourceTree = "<group>"; };
		FA1F9F8B252A08FF00FDE804 /* MovieDetailInteractor.swift */ = {isa = PBXFileReference; lastKnownFileType = sourcecode.swift; path = MovieDetailInteractor.swift; sourceTree = "<group>"; };
		FA1F9F8F252A0F1800FDE804 /* MovieList.swift */ = {isa = PBXFileReference; lastKnownFileType = sourcecode.swift; path = MovieList.swift; sourceTree = "<group>"; };
		FAB613ED252A154500BA87D4 /* MovieCell.swift */ = {isa = PBXFileReference; lastKnownFileType = sourcecode.swift; path = MovieCell.swift; sourceTree = "<group>"; };
		FAB613EE252A154500BA87D4 /* MovieCell.xib */ = {isa = PBXFileReference; lastKnownFileType = file.xib; path = MovieCell.xib; sourceTree = "<group>"; };
		FADA6F3B252A43B000B8C4D9 /* README.md */ = {isa = PBXFileReference; fileEncoding = 4; lastKnownFileType = net.daringfireball.markdown; path = README.md; sourceTree = "<group>"; };
/* End PBXFileReference section */

/* Begin PBXFrameworksBuildPhase section */
		FA1F9F1C2529F0FA00FDE804 /* Frameworks */ = {
			isa = PBXFrameworksBuildPhase;
			buildActionMask = 2147483647;
			files = (
			);
			runOnlyForDeploymentPostprocessing = 0;
		};
/* End PBXFrameworksBuildPhase section */

/* Begin PBXGroup section */
		FA1E1884252A1D94006B7787 /* Extensions */ = {
			isa = PBXGroup;
			children = (
				FA1E1885252A1DA2006B7787 /* UIImageView.swift */,
			);
			path = Extensions;
			sourceTree = "<group>";
		};
		FA1E188C252A233D006B7787 /* View */ = {
			isa = PBXGroup;
			children = (
				FA1F9F7C252A06D300FDE804 /* MovieDetailViewController.xib */,
				FA1F9F7B252A06D300FDE804 /* MovieDetailViewController.swift */,
			);
			path = View;
			sourceTree = "<group>";
		};
		FA1F9F162529F0FA00FDE804 = {
			isa = PBXGroup;
			children = (
				FADA6F3B252A43B000B8C4D9 /* README.md */,
				FA1F9F212529F0FA00FDE804 /* Viper App */,
				FA1F9F202529F0FA00FDE804 /* Products */,
			);
			sourceTree = "<group>";
		};
		FA1F9F202529F0FA00FDE804 /* Products */ = {
			isa = PBXGroup;
			children = (
				FA1F9F1F2529F0FA00FDE804 /* Viper App.app */,
			);
			name = Products;
			sourceTree = "<group>";
		};
		FA1F9F212529F0FA00FDE804 /* Viper App */ = {
			isa = PBXGroup;
			children = (
				FA1F9F372529F15300FDE804 /* Modules */,
				FA1F9F562529F51D00FDE804 /* Protocol */,
				FA1E1884252A1D94006B7787 /* Extensions */,
				FA1F9F222529F0FA00FDE804 /* AppDelegate.swift */,
				FA1F9F242529F0FA00FDE804 /* SceneDelegate.swift */,
				FA1F9F2B2529F0FF00FDE804 /* Assets.xcassets */,
				FA1F9F302529F0FF00FDE804 /* Info.plist */,
				FA1F9F2D2529F0FF00FDE804 /* LaunchScreen.storyboard */,
			);
			path = "Viper App";
			sourceTree = "<group>";
		};
		FA1F9F372529F15300FDE804 /* Modules */ = {
			isa = PBXGroup;
			children = (
				FA1F9F382529F16700FDE804 /* Dashboard */,
				FA1F9F7A252A06B000FDE804 /* Movie Detail */,
			);
			path = Modules;
			sourceTree = "<group>";
		};
		FA1F9F382529F16700FDE804 /* Dashboard */ = {
			isa = PBXGroup;
			children = (
				FA1F9F92252A13F000FDE804 /* View */,
				FA1F9F8E252A0F0B00FDE804 /* Entities */,
				FA1F9F6B2529F99100FDE804 /* DashboardPresenter.swift */,
				FA1F9F6E2529F9A300FDE804 /* DashboardWireframe.swift */,
				FA1F9F712529FA9100FDE804 /* DashboardInteractor.swift */,
				FA1F9F682529F92A00FDE804 /* DashboardInterface.swift */,
			);
			path = Dashboard;
			sourceTree = "<group>";
		};
		FA1F9F562529F51D00FDE804 /* Protocol */ = {
			isa = PBXGroup;
			children = (
				FA1F9F572529F52B00FDE804 /* BaseWireframe.swift */,
				FA1F9F5B2529F55D00FDE804 /* PresenterInterface.swift */,
				FA1F9F5E2529F7B500FDE804 /* ViewInterface.swift */,
				FA1F9F612529F7D800FDE804 /* InteractorInterface.swift */,
			);
			path = Protocol;
			sourceTree = "<group>";
		};
		FA1F9F7A252A06B000FDE804 /* Movie Detail */ = {
			isa = PBXGroup;
			children = (
				FA1E188C252A233D006B7787 /* View */,
				FA1F9F81252A06E400FDE804 /* MovieDetailInterface.swift */,
				FA1F9F84252A074A00FDE804 /* MovieDetailPresenter.swift */,
				FA1F9F87252A077E00FDE804 /* MovieDetailWireframe.swift */,
				FA1F9F8B252A08FF00FDE804 /* MovieDetailInteractor.swift */,
			);
			path = "Movie Detail";
			sourceTree = "<group>";
		};
		FA1F9F8E252A0F0B00FDE804 /* Entities */ = {
			isa = PBXGroup;
			children = (
				FA1F9F8F252A0F1800FDE804 /* MovieList.swift */,
			);
			path = Entities;
			sourceTree = "<group>";
		};
		FA1F9F92252A13F000FDE804 /* View */ = {
			isa = PBXGroup;
			children = (
				FA1F9F93252A142100FDE804 /* Cells */,
				FA1F9F432529F30700FDE804 /* DashboardViewController.xib */,
				FA1F9F422529F30700FDE804 /* DashboardViewController.swift */,
			);
			path = View;
			sourceTree = "<group>";
		};
		FA1F9F93252A142100FDE804 /* Cells */ = {
			isa = PBXGroup;
			children = (
				FAB613ED252A154500BA87D4 /* MovieCell.swift */,
				FAB613EE252A154500BA87D4 /* MovieCell.xib */,
			);
			path = Cells;
			sourceTree = "<group>";
		};
/* End PBXGroup section */

/* Begin PBXNativeTarget section */
		FA1F9F1E2529F0FA00FDE804 /* Viper App */ = {
			isa = PBXNativeTarget;
			buildConfigurationList = FA1F9F332529F0FF00FDE804 /* Build configuration list for PBXNativeTarget "Viper App" */;
			buildPhases = (
				FA1F9F1B2529F0FA00FDE804 /* Sources */,
				FA1F9F1C2529F0FA00FDE804 /* Frameworks */,
				FA1F9F1D2529F0FA00FDE804 /* Resources */,
			);
			buildRules = (
			);
			dependencies = (
			);
			name = "Viper App";
			productName = "Viper App";
			productReference = FA1F9F1F2529F0FA00FDE804 /* Viper App.app */;
			productType = "com.apple.product-type.application";
		};
/* End PBXNativeTarget section */

/* Begin PBXProject section */
		FA1F9F172529F0FA00FDE804 /* Project object */ = {
			isa = PBXProject;
			attributes = {
				LastSwiftUpdateCheck = 1200;
				LastUpgradeCheck = 1200;
				TargetAttributes = {
					FA1F9F1E2529F0FA00FDE804 = {
						CreatedOnToolsVersion = 12.0.1;
					};
				};
			};
			buildConfigurationList = FA1F9F1A2529F0FA00FDE804 /* Build configuration list for PBXProject "Viper App" */;
			compatibilityVersion = "Xcode 9.3";
			developmentRegion = en;
			hasScannedForEncodings = 0;
			knownRegions = (
				en,
				Base,
			);
			mainGroup = FA1F9F162529F0FA00FDE804;
			productRefGroup = FA1F9F202529F0FA00FDE804 /* Products */;
			projectDirPath = "";
			projectRoot = "";
			targets = (
				FA1F9F1E2529F0FA00FDE804 /* Viper App */,
			);
		};
/* End PBXProject section */

/* Begin PBXResourcesBuildPhase section */
		FA1F9F1D2529F0FA00FDE804 /* Resources */ = {
			isa = PBXResourcesBuildPhase;
			buildActionMask = 2147483647;
			files = (
				FADA6F3C252A43B000B8C4D9 /* README.md in Resources */,
				FA1F9F7E252A06D300FDE804 /* MovieDetailViewController.xib in Resources */,
				FA1F9F2F2529F0FF00FDE804 /* LaunchScreen.storyboard in Resources */,
				FA1F9F2C2529F0FF00FDE804 /* Assets.xcassets in Resources */,
				FA1F9F452529F30700FDE804 /* DashboardViewController.xib in Resources */,
				FAB613F0252A154500BA87D4 /* MovieCell.xib in Resources */,
			);
			runOnlyForDeploymentPostprocessing = 0;
		};
/* End PBXResourcesBuildPhase section */

/* Begin PBXSourcesBuildPhase section */
		FA1F9F1B2529F0FA00FDE804 /* Sources */ = {
			isa = PBXSourcesBuildPhase;
			buildActionMask = 2147483647;
			files = (
				FA1F9F232529F0FA00FDE804 /* AppDelegate.swift in Sources */,
				FA1F9F442529F30700FDE804 /* DashboardViewController.swift in Sources */,
				FAB613EF252A154500BA87D4 /* MovieCell.swift in Sources */,
				FA1F9F85252A074A00FDE804 /* MovieDetailPresenter.swift in Sources */,
				FA1F9F622529F7D800FDE804 /* InteractorInterface.swift in Sources */,
				FA1F9F90252A0F1800FDE804 /* MovieList.swift in Sources */,
				FA1F9F8C252A08FF00FDE804 /* MovieDetailInteractor.swift in Sources */,
				FA1F9F252529F0FA00FDE804 /* SceneDelegate.swift in Sources */,
				FA1F9F7D252A06D300FDE804 /* MovieDetailViewController.swift in Sources */,
				FA1F9F692529F92A00FDE804 /* DashboardInterface.swift in Sources */,
				FA1F9F6C2529F99100FDE804 /* DashboardPresenter.swift in Sources */,
				FA1F9F582529F52B00FDE804 /* BaseWireframe.swift in Sources */,
				FA1E1886252A1DA2006B7787 /* UIImageView.swift in Sources */,
				FA1F9F722529FA9100FDE804 /* DashboardInteractor.swift in Sources */,
				FA1F9F88252A077E00FDE804 /* MovieDetailWireframe.swift in Sources */,
				FA1F9F6F2529F9A300FDE804 /* DashboardWireframe.swift in Sources */,
				FA1F9F82252A06E400FDE804 /* MovieDetailInterface.swift in Sources */,
				FA1F9F5F2529F7B500FDE804 /* ViewInterface.swift in Sources */,
				FA1F9F5C2529F55D00FDE804 /* PresenterInterface.swift in Sources */,
			);
			runOnlyForDeploymentPostprocessing = 0;
		};
/* End PBXSourcesBuildPhase section */

/* Begin PBXVariantGroup section */
		FA1F9F2D2529F0FF00FDE804 /* LaunchScreen.storyboard */ = {
			isa = PBXVariantGroup;
			children = (
				FA1F9F2E2529F0FF00FDE804 /* Base */,
			);
			name = LaunchScreen.storyboard;
			sourceTree = "<group>";
		};
/* End PBXVariantGroup section */

/* Begin XCBuildConfiguration section */
		FA1F9F312529F0FF00FDE804 /* Debug */ = {
			isa = XCBuildConfiguration;
			buildSettings = {
				ALWAYS_SEARCH_USER_PATHS = NO;
				CLANG_ANALYZER_NONNULL = YES;
				CLANG_ANALYZER_NUMBER_OBJECT_CONVERSION = YES_AGGRESSIVE;
				CLANG_CXX_LANGUAGE_STANDARD = "gnu++14";
				CLANG_CXX_LIBRARY = "libc++";
				CLANG_ENABLE_MODULES = YES;
				CLANG_ENABLE_OBJC_ARC = YES;
				CLANG_ENABLE_OBJC_WEAK = YES;
				CLANG_WARN_BLOCK_CAPTURE_AUTORELEASING = YES;
				CLANG_WARN_BOOL_CONVERSION = YES;
				CLANG_WARN_COMMA = YES;
				CLANG_WARN_CONSTANT_CONVERSION = YES;
				CLANG_WARN_DEPRECATED_OBJC_IMPLEMENTATIONS = YES;
				CLANG_WARN_DIRECT_OBJC_ISA_USAGE = YES_ERROR;
				CLANG_WARN_DOCUMENTATION_COMMENTS = YES;
				CLANG_WARN_EMPTY_BODY = YES;
				CLANG_WARN_ENUM_CONVERSION = YES;
				CLANG_WARN_INFINITE_RECURSION = YES;
				CLANG_WARN_INT_CONVERSION = YES;
				CLANG_WARN_NON_LITERAL_NULL_CONVERSION = YES;
				CLANG_WARN_OBJC_IMPLICIT_RETAIN_SELF = YES;
				CLANG_WARN_OBJC_LITERAL_CONVERSION = YES;
				CLANG_WARN_OBJC_ROOT_CLASS = YES_ERROR;
				CLANG_WARN_QUOTED_INCLUDE_IN_FRAMEWORK_HEADER = YES;
				CLANG_WARN_RANGE_LOOP_ANALYSIS = YES;
				CLANG_WARN_STRICT_PROTOTYPES = YES;
				CLANG_WARN_SUSPICIOUS_MOVE = YES;
				CLANG_WARN_UNGUARDED_AVAILABILITY = YES_AGGRESSIVE;
				CLANG_WARN_UNREACHABLE_CODE = YES;
				CLANG_WARN__DUPLICATE_METHOD_MATCH = YES;
				COPY_PHASE_STRIP = NO;
				DEBUG_INFORMATION_FORMAT = dwarf;
				ENABLE_STRICT_OBJC_MSGSEND = YES;
				ENABLE_TESTABILITY = YES;
				GCC_C_LANGUAGE_STANDARD = gnu11;
				GCC_DYNAMIC_NO_PIC = NO;
				GCC_NO_COMMON_BLOCKS = YES;
				GCC_OPTIMIZATION_LEVEL = 0;
				GCC_PREPROCESSOR_DEFINITIONS = (
					"DEBUG=1",
					"$(inherited)",
				);
				GCC_WARN_64_TO_32_BIT_CONVERSION = YES;
				GCC_WARN_ABOUT_RETURN_TYPE = YES_ERROR;
				GCC_WARN_UNDECLARED_SELECTOR = YES;
				GCC_WARN_UNINITIALIZED_AUTOS = YES_AGGRESSIVE;
				GCC_WARN_UNUSED_FUNCTION = YES;
				GCC_WARN_UNUSED_VARIABLE = YES;
				IPHONEOS_DEPLOYMENT_TARGET = 14.0;
				MTL_ENABLE_DEBUG_INFO = INCLUDE_SOURCE;
				MTL_FAST_MATH = YES;
				ONLY_ACTIVE_ARCH = YES;
				SDKROOT = iphoneos;
				SWIFT_ACTIVE_COMPILATION_CONDITIONS = DEBUG;
				SWIFT_OPTIMIZATION_LEVEL = "-Onone";
			};
			name = Debug;
		};
		FA1F9F322529F0FF00FDE804 /* Release */ = {
			isa = XCBuildConfiguration;
			buildSettings = {
				ALWAYS_SEARCH_USER_PATHS = NO;
				CLANG_ANALYZER_NONNULL = YES;
				CLANG_ANALYZER_NUMBER_OBJECT_CONVERSION = YES_AGGRESSIVE;
				CLANG_CXX_LANGUAGE_STANDARD = "gnu++14";
				CLANG_CXX_LIBRARY = "libc++";
				CLANG_ENABLE_MODULES = YES;
				CLANG_ENABLE_OBJC_ARC = YES;
				CLANG_ENABLE_OBJC_WEAK = YES;
				CLANG_WARN_BLOCK_CAPTURE_AUTORELEASING = YES;
				CLANG_WARN_BOOL_CONVERSION = YES;
				CLANG_WARN_COMMA = YES;
				CLANG_WARN_CONSTANT_CONVERSION = YES;
				CLANG_WARN_DEPRECATED_OBJC_IMPLEMENTATIONS = YES;
				CLANG_WARN_DIRECT_OBJC_ISA_USAGE = YES_ERROR;
				CLANG_WARN_DOCUMENTATION_COMMENTS = YES;
				CLANG_WARN_EMPTY_BODY = YES;
				CLANG_WARN_ENUM_CONVERSION = YES;
				CLANG_WARN_INFINITE_RECURSION = YES;
				CLANG_WARN_INT_CONVERSION = YES;
				CLANG_WARN_NON_LITERAL_NULL_CONVERSION = YES;
				CLANG_WARN_OBJC_IMPLICIT_RETAIN_SELF = YES;
				CLANG_WARN_OBJC_LITERAL_CONVERSION = YES;
				CLANG_WARN_OBJC_ROOT_CLASS = YES_ERROR;
				CLANG_WARN_QUOTED_INCLUDE_IN_FRAMEWORK_HEADER = YES;
				CLANG_WARN_RANGE_LOOP_ANALYSIS = YES;
				CLANG_WARN_STRICT_PROTOTYPES = YES;
				CLANG_WARN_SUSPICIOUS_MOVE = YES;
				CLANG_WARN_UNGUARDED_AVAILABILITY = YES_AGGRESSIVE;
				CLANG_WARN_UNREACHABLE_CODE = YES;
				CLANG_WARN__DUPLICATE_METHOD_MATCH = YES;
				COPY_PHASE_STRIP = NO;
				DEBUG_INFORMATION_FORMAT = "dwarf-with-dsym";
				ENABLE_NS_ASSERTIONS = NO;
				ENABLE_STRICT_OBJC_MSGSEND = YES;
				GCC_C_LANGUAGE_STANDARD = gnu11;
				GCC_NO_COMMON_BLOCKS = YES;
				GCC_WARN_64_TO_32_BIT_CONVERSION = YES;
				GCC_WARN_ABOUT_RETURN_TYPE = YES_ERROR;
				GCC_WARN_UNDECLARED_SELECTOR = YES;
				GCC_WARN_UNINITIALIZED_AUTOS = YES_AGGRESSIVE;
				GCC_WARN_UNUSED_FUNCTION = YES;
				GCC_WARN_UNUSED_VARIABLE = YES;
				IPHONEOS_DEPLOYMENT_TARGET = 14.0;
				MTL_ENABLE_DEBUG_INFO = NO;
				MTL_FAST_MATH = YES;
				SDKROOT = iphoneos;
				SWIFT_COMPILATION_MODE = wholemodule;
				SWIFT_OPTIMIZATION_LEVEL = "-O";
				VALIDATE_PRODUCT = YES;
			};
			name = Release;
		};
		FA1F9F342529F0FF00FDE804 /* Debug */ = {
			isa = XCBuildConfiguration;
			buildSettings = {
				ASSETCATALOG_COMPILER_APPICON_NAME = AppIcon;
				ASSETCATALOG_COMPILER_GLOBAL_ACCENT_COLOR_NAME = AccentColor;
				CODE_SIGN_STYLE = Automatic;
				INFOPLIST_FILE = "Viper App/Info.plist";
				LD_RUNPATH_SEARCH_PATHS = (
					"$(inherited)",
					"@executable_path/Frameworks",
				);
				PRODUCT_BUNDLE_IDENTIFIER = "rinoaleph.Viper-App";
				PRODUCT_NAME = "$(TARGET_NAME)";
				SWIFT_VERSION = 5.0;
				TARGETED_DEVICE_FAMILY = "1,2";
			};
			name = Debug;
		};
		FA1F9F352529F0FF00FDE804 /* Release */ = {
			isa = XCBuildConfiguration;
			buildSettings = {
				ASSETCATALOG_COMPILER_APPICON_NAME = AppIcon;
				ASSETCATALOG_COMPILER_GLOBAL_ACCENT_COLOR_NAME = AccentColor;
				CODE_SIGN_STYLE = Automatic;
				INFOPLIST_FILE = "Viper App/Info.plist";
				LD_RUNPATH_SEARCH_PATHS = (
					"$(inherited)",
					"@executable_path/Frameworks",
				);
				PRODUCT_BUNDLE_IDENTIFIER = "rinoaleph.Viper-App";
				PRODUCT_NAME = "$(TARGET_NAME)";
				SWIFT_VERSION = 5.0;
				TARGETED_DEVICE_FAMILY = "1,2";
			};
			name = Release;
		};
/* End XCBuildConfiguration section */

/* Begin XCConfigurationList section */
		FA1F9F1A2529F0FA00FDE804 /* Build configuration list for PBXProject "Viper App" */ = {
			isa = XCConfigurationList;
			buildConfigurations = (
				FA1F9F312529F0FF00FDE804 /* Debug */,
				FA1F9F322529F0FF00FDE804 /* Release */,
			);
			defaultConfigurationIsVisible = 0;
			defaultConfigurationName = Release;
		};
		FA1F9F332529F0FF00FDE804 /* Build configuration list for PBXNativeTarget "Viper App" */ = {
			isa = XCConfigurationList;
			buildConfigurations = (
				FA1F9F342529F0FF00FDE804 /* Debug */,
				FA1F9F352529F0FF00FDE804 /* Release */,
			);
			defaultConfigurationIsVisible = 0;
			defaultConfigurationName = Release;
		};
/* End XCConfigurationList section */
	};
	rootObject = FA1F9F172529F0FA00FDE804 /* Project object */;
}
