// !$*UTF8*$!
{
	archiveVersion = 1;
	classes = {
	};
	objectVersion = 50;
	objects = {

/* Begin PBXBuildFile section */
		FA1C5F4925304DD600A14157 /* AppDelegate.swift in Sources */ = {isa = PBXBuildFile; fileRef = FA1F9F222529F0FA00FDE804 /* AppDelegate.swift */; };
		FA1C5F4A25304DD600A14157 /* DashboardViewController.swift in Sources */ = {isa = PBXBuildFile; fileRef = FA1F9F422529F30700FDE804 /* DashboardViewController.swift */; };
		FA1C5F4B25304DD600A14157 /* MovieCell.swift in Sources */ = {isa = PBXBuildFile; fileRef = FAB613ED252A154500BA87D4 /* MovieCell.swift */; };
		FA1C5F4C25304DD600A14157 /* MovieDetailPresenter.swift in Sources */ = {isa = PBXBuildFile; fileRef = FA1F9F84252A074A00FDE804 /* MovieDetailPresenter.swift */; };
		FA1C5F4D25304DD600A14157 /* InteractorInterface.swift in Sources */ = {isa = PBXBuildFile; fileRef = FA1F9F612529F7D800FDE804 /* InteractorInterface.swift */; };
		FA1C5F4E25304DD600A14157 /* MovieList.swift in Sources */ = {isa = PBXBuildFile; fileRef = FA1F9F8F252A0F1800FDE804 /* MovieList.swift */; };
		FA1C5F4F25304DD600A14157 /* MovieDetailInteractor.swift in Sources */ = {isa = PBXBuildFile; fileRef = FA1F9F8B252A08FF00FDE804 /* MovieDetailInteractor.swift */; };
		FA1C5F5025304DD600A14157 /* SceneDelegate.swift in Sources */ = {isa = PBXBuildFile; fileRef = FA1F9F242529F0FA00FDE804 /* SceneDelegate.swift */; };
		FA1C5F5125304DD600A14157 /* MovieDetailViewController.swift in Sources */ = {isa = PBXBuildFile; fileRef = FA1F9F7B252A06D300FDE804 /* MovieDetailViewController.swift */; };
		FA1C5F5225304DD600A14157 /* DashboardInterface.swift in Sources */ = {isa = PBXBuildFile; fileRef = FA1F9F682529F92A00FDE804 /* DashboardInterface.swift */; };
		FA1C5F5325304DD600A14157 /* DashboardPresenter.swift in Sources */ = {isa = PBXBuildFile; fileRef = FA1F9F6B2529F99100FDE804 /* DashboardPresenter.swift */; };
		FA1C5F5525304DD600A14157 /* BaseWireframe.swift in Sources */ = {isa = PBXBuildFile; fileRef = FA1F9F572529F52B00FDE804 /* BaseWireframe.swift */; };
		FA1C5F5625304DD600A14157 /* UIImageView.swift in Sources */ = {isa = PBXBuildFile; fileRef = FA1E1885252A1DA2006B7787 /* UIImageView.swift */; };
		FA1C5F5725304DD600A14157 /* DashboardInteractor.swift in Sources */ = {isa = PBXBuildFile; fileRef = FA1F9F712529FA9100FDE804 /* DashboardInteractor.swift */; };
		FA1C5F5825304DD600A14157 /* MovieDetailWireframe.swift in Sources */ = {isa = PBXBuildFile; fileRef = FA1F9F87252A077E00FDE804 /* MovieDetailWireframe.swift */; };
		FA1C5F5925304DD600A14157 /* DashboardWireframe.swift in Sources */ = {isa = PBXBuildFile; fileRef = FA1F9F6E2529F9A300FDE804 /* DashboardWireframe.swift */; };
		FA1C5F5A25304DD600A14157 /* MovieDetailInterface.swift in Sources */ = {isa = PBXBuildFile; fileRef = FA1F9F81252A06E400FDE804 /* MovieDetailInterface.swift */; };
		FA1C5F5B25304DD600A14157 /* ViewInterface.swift in Sources */ = {isa = PBXBuildFile; fileRef = FA1F9F5E2529F7B500FDE804 /* ViewInterface.swift */; };
		FA1C5F5C25304DD600A14157 /* PresenterInterface.swift in Sources */ = {isa = PBXBuildFile; fileRef = FA1F9F5B2529F55D00FDE804 /* PresenterInterface.swift */; };
		FA1C5F5F25304DD600A14157 /* README.md in Resources */ = {isa = PBXBuildFile; fileRef = FADA6F3B252A43B000B8C4D9 /* README.md */; };
		FA1C5F6025304DD600A14157 /* MovieDetailViewController.xib in Resources */ = {isa = PBXBuildFile; fileRef = FA1F9F7C252A06D300FDE804 /* MovieDetailViewController.xib */; };
		FA1C5F6125304DD600A14157 /* LaunchScreen.storyboard in Resources */ = {isa = PBXBuildFile; fileRef = FA1F9F2D2529F0FF00FDE804 /* LaunchScreen.storyboard */; };
		FA1C5F6225304DD600A14157 /* Assets.xcassets in Resources */ = {isa = PBXBuildFile; fileRef = FA1F9F2B2529F0FF00FDE804 /* Assets.xcassets */; };
		FA1C5F6325304DD600A14157 /* DashboardViewController.xib in Resources */ = {isa = PBXBuildFile; fileRef = FA1F9F432529F30700FDE804 /* DashboardViewController.xib */; };
		FA1C5F6425304DD600A14157 /* MovieCell.xib in Resources */ = {isa = PBXBuildFile; fileRef = FAB613EE252A154500BA87D4 /* MovieCell.xib */; };
		FA1C5F6E25304DDB00A14157 /* AppDelegate.swift in Sources */ = {isa = PBXBuildFile; fileRef = FA1F9F222529F0FA00FDE804 /* AppDelegate.swift */; };
		FA1C5F6F25304DDB00A14157 /* DashboardViewController.swift in Sources */ = {isa = PBXBuildFile; fileRef = FA1F9F422529F30700FDE804 /* DashboardViewController.swift */; };
		FA1C5F7025304DDB00A14157 /* MovieCell.swift in Sources */ = {isa = PBXBuildFile; fileRef = FAB613ED252A154500BA87D4 /* MovieCell.swift */; };
		FA1C5F7125304DDB00A14157 /* MovieDetailPresenter.swift in Sources */ = {isa = PBXBuildFile; fileRef = FA1F9F84252A074A00FDE804 /* MovieDetailPresenter.swift */; };
		FA1C5F7225304DDB00A14157 /* InteractorInterface.swift in Sources */ = {isa = PBXBuildFile; fileRef = FA1F9F612529F7D800FDE804 /* InteractorInterface.swift */; };
		FA1C5F7325304DDB00A14157 /* MovieList.swift in Sources */ = {isa = PBXBuildFile; fileRef = FA1F9F8F252A0F1800FDE804 /* MovieList.swift */; };
		FA1C5F7425304DDB00A14157 /* MovieDetailInteractor.swift in Sources */ = {isa = PBXBuildFile; fileRef = FA1F9F8B252A08FF00FDE804 /* MovieDetailInteractor.swift */; };
		FA1C5F7525304DDB00A14157 /* SceneDelegate.swift in Sources */ = {isa = PBXBuildFile; fileRef = FA1F9F242529F0FA00FDE804 /* SceneDelegate.swift */; };
		FA1C5F7625304DDB00A14157 /* MovieDetailViewController.swift in Sources */ = {isa = PBXBuildFile; fileRef = FA1F9F7B252A06D300FDE804 /* MovieDetailViewController.swift */; };
		FA1C5F7725304DDB00A14157 /* DashboardInterface.swift in Sources */ = {isa = PBXBuildFile; fileRef = FA1F9F682529F92A00FDE804 /* DashboardInterface.swift */; };
		FA1C5F7825304DDB00A14157 /* DashboardPresenter.swift in Sources */ = {isa = PBXBuildFile; fileRef = FA1F9F6B2529F99100FDE804 /* DashboardPresenter.swift */; };
		FA1C5F7A25304DDB00A14157 /* BaseWireframe.swift in Sources */ = {isa = PBXBuildFile; fileRef = FA1F9F572529F52B00FDE804 /* BaseWireframe.swift */; };
		FA1C5F7B25304DDB00A14157 /* UIImageView.swift in Sources */ = {isa = PBXBuildFile; fileRef = FA1E1885252A1DA2006B7787 /* UIImageView.swift */; };
		FA1C5F7C25304DDB00A14157 /* DashboardInteractor.swift in Sources */ = {isa = PBXBuildFile; fileRef = FA1F9F712529FA9100FDE804 /* DashboardInteractor.swift */; };
		FA1C5F7D25304DDB00A14157 /* MovieDetailWireframe.swift in Sources */ = {isa = PBXBuildFile; fileRef = FA1F9F87252A077E00FDE804 /* MovieDetailWireframe.swift */; };
		FA1C5F7E25304DDB00A14157 /* DashboardWireframe.swift in Sources */ = {isa = PBXBuildFile; fileRef = FA1F9F6E2529F9A300FDE804 /* DashboardWireframe.swift */; };
		FA1C5F7F25304DDB00A14157 /* MovieDetailInterface.swift in Sources */ = {isa = PBXBuildFile; fileRef = FA1F9F81252A06E400FDE804 /* MovieDetailInterface.swift */; };
		FA1C5F8025304DDB00A14157 /* ViewInterface.swift in Sources */ = {isa = PBXBuildFile; fileRef = FA1F9F5E2529F7B500FDE804 /* ViewInterface.swift */; };
		FA1C5F8125304DDB00A14157 /* PresenterInterface.swift in Sources */ = {isa = PBXBuildFile; fileRef = FA1F9F5B2529F55D00FDE804 /* PresenterInterface.swift */; };
		FA1C5F8425304DDB00A14157 /* README.md in Resources */ = {isa = PBXBuildFile; fileRef = FADA6F3B252A43B000B8C4D9 /* README.md */; };
		FA1C5F8525304DDB00A14157 /* MovieDetailViewController.xib in Resources */ = {isa = PBXBuildFile; fileRef = FA1F9F7C252A06D300FDE804 /* MovieDetailViewController.xib */; };
		FA1C5F8625304DDB00A14157 /* LaunchScreen.storyboard in Resources */ = {isa = PBXBuildFile; fileRef = FA1F9F2D2529F0FF00FDE804 /* LaunchScreen.storyboard */; };
		FA1C5F8725304DDB00A14157 /* Assets.xcassets in Resources */ = {isa = PBXBuildFile; fileRef = FA1F9F2B2529F0FF00FDE804 /* Assets.xcassets */; };
		FA1C5F8825304DDB00A14157 /* DashboardViewController.xib in Resources */ = {isa = PBXBuildFile; fileRef = FA1F9F432529F30700FDE804 /* DashboardViewController.xib */; };
		FA1C5F8925304DDB00A14157 /* MovieCell.xib in Resources */ = {isa = PBXBuildFile; fileRef = FAB613EE252A154500BA87D4 /* MovieCell.xib */; };
		FA1C5F9B25304E7E00A14157 /* Engine.swift in Sources */ = {isa = PBXBuildFile; fileRef = FA1C5F35253045E300A14157 /* Engine.swift */; };
		FA1C5F9F25304E8100A14157 /* TransportationDevice.swift in Sources */ = {isa = PBXBuildFile; fileRef = FA1C5F2E253044CF00A14157 /* TransportationDevice.swift */; };
		FA1C5FB125304E8900A14157 /* TransportationDevice.swift in Sources */ = {isa = PBXBuildFile; fileRef = FA1C5F3C253048A200A14157 /* TransportationDevice.swift */; };
		FA1C5FB225304E8900A14157 /* VehicleWithoutEngine.swift in Sources */ = {isa = PBXBuildFile; fileRef = FA1C5F442530495000A14157 /* VehicleWithoutEngine.swift */; };
		FA1C5FB7253061DD00A14157 /* VehicleWithEngine.swift in Sources */ = {isa = PBXBuildFile; fileRef = FA1C5FB6253061DD00A14157 /* VehicleWithEngine.swift */; };
		FA1C5FBC253061F700A14157 /* Engine.swift in Sources */ = {isa = PBXBuildFile; fileRef = FA1C5FBB253061F700A14157 /* Engine.swift */; };
		FA1C5FC42530624900A14157 /* Vehicle.swift in Sources */ = {isa = PBXBuildFile; fileRef = FA1C5FC32530624900A14157 /* Vehicle.swift */; };
		FA1C5FC9253062FA00A14157 /* Vehicle.swift in Sources */ = {isa = PBXBuildFile; fileRef = FA1C5FC8253062FA00A14157 /* Vehicle.swift */; };
		FA1E1886252A1DA2006B7787 /* UIImageView.swift in Sources */ = {isa = PBXBuildFile; fileRef = FA1E1885252A1DA2006B7787 /* UIImageView.swift */; };
		FA1F9F232529F0FA00FDE804 /* AppDelegate.swift in Sources */ = {isa = PBXBuildFile; fileRef = FA1F9F222529F0FA00FDE804 /* AppDelegate.swift */; };
		FA1F9F252529F0FA00FDE804 /* SceneDelegate.swift in Sources */ = {isa = PBXBuildFile; fileRef = FA1F9F242529F0FA00FDE804 /* SceneDelegate.swift */; };
		FA1F9F2C2529F0FF00FDE804 /* Assets.xcassets in Resources */ = {isa = PBXBuildFile; fileRef = FA1F9F2B2529F0FF00FDE804 /* Assets.xcassets */; };
		FA1F9F2F2529F0FF00FDE804 /* LaunchScreen.storyboard in Resources */ = {isa = PBXBuildFile; fileRef = FA1F9F2D2529F0FF00FDE804 /* LaunchScreen.storyboard */; };
		FA1F9F442529F30700FDE804 /* DashboardViewController.swift in Sources */ = {isa = PBXBuildFile; fileRef = FA1F9F422529F30700FDE804 /* DashboardViewController.swift */; };
		FA1F9F452529F30700FDE804 /* DashboardViewController.xib in Resources */ = {isa = PBXBuildFile; fileRef = FA1F9F432529F30700FDE804 /* DashboardViewController.xib */; };
		FA1F9F582529F52B00FDE804 /* BaseWireframe.swift in Sources */ = {isa = PBXBuildFile; fileRef = FA1F9F572529F52B00FDE804 /* BaseWireframe.swift */; };
		FA1F9F5C2529F55D00FDE804 /* PresenterInterface.swift in Sources */ = {isa = PBXBuildFile; fileRef = FA1F9F5B2529F55D00FDE804 /* PresenterInterface.swift */; };
		FA1F9F5F2529F7B500FDE804 /* ViewInterface.swift in Sources */ = {isa = PBXBuildFile; fileRef = FA1F9F5E2529F7B500FDE804 /* ViewInterface.swift */; };
		FA1F9F622529F7D800FDE804 /* InteractorInterface.swift in Sources */ = {isa = PBXBuildFile; fileRef = FA1F9F612529F7D800FDE804 /* InteractorInterface.swift */; };
		FA1F9F692529F92A00FDE804 /* DashboardInterface.swift in Sources */ = {isa = PBXBuildFile; fileRef = FA1F9F682529F92A00FDE804 /* DashboardInterface.swift */; };
		FA1F9F6C2529F99100FDE804 /* DashboardPresenter.swift in Sources */ = {isa = PBXBuildFile; fileRef = FA1F9F6B2529F99100FDE804 /* DashboardPresenter.swift */; };
		FA1F9F6F2529F9A300FDE804 /* DashboardWireframe.swift in Sources */ = {isa = PBXBuildFile; fileRef = FA1F9F6E2529F9A300FDE804 /* DashboardWireframe.swift */; };
		FA1F9F722529FA9100FDE804 /* DashboardInteractor.swift in Sources */ = {isa = PBXBuildFile; fileRef = FA1F9F712529FA9100FDE804 /* DashboardInteractor.swift */; };
		FA1F9F7D252A06D300FDE804 /* MovieDetailViewController.swift in Sources */ = {isa = PBXBuildFile; fileRef = FA1F9F7B252A06D300FDE804 /* MovieDetailViewController.swift */; };
		FA1F9F7E252A06D300FDE804 /* MovieDetailViewController.xib in Resources */ = {isa = PBXBuildFile; fileRef = FA1F9F7C252A06D300FDE804 /* MovieDetailViewController.xib */; };
		FA1F9F82252A06E400FDE804 /* MovieDetailInterface.swift in Sources */ = {isa = PBXBuildFile; fileRef = FA1F9F81252A06E400FDE804 /* MovieDetailInterface.swift */; };
		FA1F9F85252A074A00FDE804 /* MovieDetailPresenter.swift in Sources */ = {isa = PBXBuildFile; fileRef = FA1F9F84252A074A00FDE804 /* MovieDetailPresenter.swift */; };
		FA1F9F88252A077E00FDE804 /* MovieDetailWireframe.swift in Sources */ = {isa = PBXBuildFile; fileRef = FA1F9F87252A077E00FDE804 /* MovieDetailWireframe.swift */; };
		FA1F9F8C252A08FF00FDE804 /* MovieDetailInteractor.swift in Sources */ = {isa = PBXBuildFile; fileRef = FA1F9F8B252A08FF00FDE804 /* MovieDetailInteractor.swift */; };
		FA1F9F90252A0F1800FDE804 /* MovieList.swift in Sources */ = {isa = PBXBuildFile; fileRef = FA1F9F8F252A0F1800FDE804 /* MovieList.swift */; };
		FA253648254058AA000E879B /* BoilerplateInterface.swift in Sources */ = {isa = PBXBuildFile; fileRef = FA253647254058AA000E879B /* BoilerplateInterface.swift */; };
		FA253650254058F1000E879B /* BoilerplatePresenter.swift in Sources */ = {isa = PBXBuildFile; fileRef = FA25364F254058F1000E879B /* BoilerplatePresenter.swift */; };
		FA25365525405914000E879B /* BoilerplateWireframe.swift in Sources */ = {isa = PBXBuildFile; fileRef = FA25365425405914000E879B /* BoilerplateWireframe.swift */; };
		FA25365A25405928000E879B /* BoilerplateInteractor.swift in Sources */ = {isa = PBXBuildFile; fileRef = FA25365925405928000E879B /* BoilerplateInteractor.swift */; };
		FA25366925405964000E879B /* BoilerplateViewController.swift in Sources */ = {isa = PBXBuildFile; fileRef = FA25366725405964000E879B /* BoilerplateViewController.swift */; };
		FA25366A25405964000E879B /* BoilerplateViewController.xib in Resources */ = {isa = PBXBuildFile; fileRef = FA25366825405964000E879B /* BoilerplateViewController.xib */; };
		FAB613EF252A154500BA87D4 /* MovieCell.swift in Sources */ = {isa = PBXBuildFile; fileRef = FAB613ED252A154500BA87D4 /* MovieCell.swift */; };
		FAB613F0252A154500BA87D4 /* MovieCell.xib in Resources */ = {isa = PBXBuildFile; fileRef = FAB613EE252A154500BA87D4 /* MovieCell.xib */; };
		FADA6F3C252A43B000B8C4D9 /* README.md in Resources */ = {isa = PBXBuildFile; fileRef = FADA6F3B252A43B000B8C4D9 /* README.md */; };
		FADBC5CF2530679200495306 /* Engine1.swift in Sources */ = {isa = PBXBuildFile; fileRef = FADBC5CE2530679200495306 /* Engine1.swift */; };
		FADBC5D7253067C300495306 /* TransportationDevice1.swift in Sources */ = {isa = PBXBuildFile; fileRef = FADBC5D6253067C300495306 /* TransportationDevice1.swift */; };
		FADBC5DC253067E700495306 /* Vehicle1.swift in Sources */ = {isa = PBXBuildFile; fileRef = FADBC5DB253067E700495306 /* Vehicle1.swift */; };
		FADBC5E12530697600495306 /* Engine1.swift in Sources */ = {isa = PBXBuildFile; fileRef = FADBC5E02530697600495306 /* Engine1.swift */; };
		FADBC5E6253069A100495306 /* TransportationDevice1.swift in Sources */ = {isa = PBXBuildFile; fileRef = FADBC5E5253069A100495306 /* TransportationDevice1.swift */; };
		FADBC5EB253069EC00495306 /* VehicleWithoutEngine1.swift in Sources */ = {isa = PBXBuildFile; fileRef = FADBC5EA253069EC00495306 /* VehicleWithoutEngine1.swift */; };
		FADBC5F025306ABE00495306 /* VehicleWithEngine1.swift in Sources */ = {isa = PBXBuildFile; fileRef = FADBC5EF25306ABE00495306 /* VehicleWithEngine1.swift */; };
		FADBC5F825306C2700495306 /* Vehicle1.swift in Sources */ = {isa = PBXBuildFile; fileRef = FADBC5F725306C2700495306 /* Vehicle1.swift */; };
		FADBC5FF25306E5300495306 /* DataAccess.swift in Sources */ = {isa = PBXBuildFile; fileRef = FADBC5FE25306E5300495306 /* DataAccess.swift */; };
		FADBC60425306EAB00495306 /* DataAccessFactory.swift in Sources */ = {isa = PBXBuildFile; fileRef = FADBC60325306EAB00495306 /* DataAccessFactory.swift */; };
		FADBC60925306F1A00495306 /* DataCustomerLogic.swift in Sources */ = {isa = PBXBuildFile; fileRef = FADBC60825306F1A00495306 /* DataCustomerLogic.swift */; };
		FADBC60F25306FBF00495306 /* DataAccess.swift in Sources */ = {isa = PBXBuildFile; fileRef = FADBC60E25306FBF00495306 /* DataAccess.swift */; };
		FADBC61A2530704000495306 /* DataAccessFactory.swift in Sources */ = {isa = PBXBuildFile; fileRef = FADBC6192530704000495306 /* DataAccessFactory.swift */; };
		FADBC61F2530710A00495306 /* DataCustomerLogic.swift in Sources */ = {isa = PBXBuildFile; fileRef = FADBC61E2530710A00495306 /* DataCustomerLogic.swift */; };
/* End PBXBuildFile section */

/* Begin PBXFileReference section */
		FA1C5F2E253044CF00A14157 /* TransportationDevice.swift */ = {isa = PBXFileReference; lastKnownFileType = sourcecode.swift; path = TransportationDevice.swift; sourceTree = "<group>"; };
		FA1C5F35253045E300A14157 /* Engine.swift */ = {isa = PBXFileReference; lastKnownFileType = sourcecode.swift; path = Engine.swift; sourceTree = "<group>"; };
		FA1C5F3C253048A200A14157 /* TransportationDevice.swift */ = {isa = PBXFileReference; lastKnownFileType = sourcecode.swift; path = TransportationDevice.swift; sourceTree = "<group>"; };
		FA1C5F442530495000A14157 /* VehicleWithoutEngine.swift */ = {isa = PBXFileReference; lastKnownFileType = sourcecode.swift; path = VehicleWithoutEngine.swift; sourceTree = "<group>"; };
		FA1C5F6825304DD600A14157 /* Viper App Wrong Example.app */ = {isa = PBXFileReference; explicitFileType = wrapper.application; includeInIndex = 0; path = "Viper App Wrong Example.app"; sourceTree = BUILT_PRODUCTS_DIR; };
		FA1C5F8D25304DDB00A14157 /* Viper App Correct Example.app */ = {isa = PBXFileReference; explicitFileType = wrapper.application; includeInIndex = 0; path = "Viper App Correct Example.app"; sourceTree = BUILT_PRODUCTS_DIR; };
		FA1C5FB6253061DD00A14157 /* VehicleWithEngine.swift */ = {isa = PBXFileReference; lastKnownFileType = sourcecode.swift; path = VehicleWithEngine.swift; sourceTree = "<group>"; };
		FA1C5FBB253061F700A14157 /* Engine.swift */ = {isa = PBXFileReference; lastKnownFileType = sourcecode.swift; path = Engine.swift; sourceTree = "<group>"; };
		FA1C5FC32530624900A14157 /* Vehicle.swift */ = {isa = PBXFileReference; lastKnownFileType = sourcecode.swift; path = Vehicle.swift; sourceTree = "<group>"; };
		FA1C5FC8253062FA00A14157 /* Vehicle.swift */ = {isa = PBXFileReference; lastKnownFileType = sourcecode.swift; path = Vehicle.swift; sourceTree = "<group>"; };
		FA1E1885252A1DA2006B7787 /* UIImageView.swift */ = {isa = PBXFileReference; lastKnownFileType = sourcecode.swift; path = UIImageView.swift; sourceTree = "<group>"; };
		FA1F9F1F2529F0FA00FDE804 /* Viper App.app */ = {isa = PBXFileReference; explicitFileType = wrapper.application; includeInIndex = 0; path = "Viper App.app"; sourceTree = BUILT_PRODUCTS_DIR; };
		FA1F9F222529F0FA00FDE804 /* AppDelegate.swift */ = {isa = PBXFileReference; lastKnownFileType = sourcecode.swift; path = AppDelegate.swift; sourceTree = "<group>"; };
		FA1F9F242529F0FA00FDE804 /* SceneDelegate.swift */ = {isa = PBXFileReference; lastKnownFileType = sourcecode.swift; path = SceneDelegate.swift; sourceTree = "<group>"; };
		FA1F9F2B2529F0FF00FDE804 /* Assets.xcassets */ = {isa = PBXFileReference; lastKnownFileType = folder.assetcatalog; path = Assets.xcassets; sourceTree = "<group>"; };
		FA1F9F2E2529F0FF00FDE804 /* Base */ = {isa = PBXFileReference; lastKnownFileType = file.storyboard; name = Base; path = Base.lproj/LaunchScreen.storyboard; sourceTree = "<group>"; };
		FA1F9F302529F0FF00FDE804 /* Info.plist */ = {isa = PBXFileReference; lastKnownFileType = text.plist.xml; path = Info.plist; sourceTree = "<group>"; };
		FA1F9F422529F30700FDE804 /* DashboardViewController.swift */ = {isa = PBXFileReference; lastKnownFileType = sourcecode.swift; path = DashboardViewController.swift; sourceTree = "<group>"; };
		FA1F9F432529F30700FDE804 /* DashboardViewController.xib */ = {isa = PBXFileReference; lastKnownFileType = file.xib; path = DashboardViewController.xib; sourceTree = "<group>"; };
		FA1F9F572529F52B00FDE804 /* BaseWireframe.swift */ = {isa = PBXFileReference; lastKnownFileType = sourcecode.swift; path = BaseWireframe.swift; sourceTree = "<group>"; };
		FA1F9F5B2529F55D00FDE804 /* PresenterInterface.swift */ = {isa = PBXFileReference; lastKnownFileType = sourcecode.swift; path = PresenterInterface.swift; sourceTree = "<group>"; };
		FA1F9F5E2529F7B500FDE804 /* ViewInterface.swift */ = {isa = PBXFileReference; lastKnownFileType = sourcecode.swift; path = ViewInterface.swift; sourceTree = "<group>"; };
		FA1F9F612529F7D800FDE804 /* InteractorInterface.swift */ = {isa = PBXFileReference; lastKnownFileType = sourcecode.swift; path = InteractorInterface.swift; sourceTree = "<group>"; };
		FA1F9F682529F92A00FDE804 /* DashboardInterface.swift */ = {isa = PBXFileReference; lastKnownFileType = sourcecode.swift; path = DashboardInterface.swift; sourceTree = "<group>"; };
		FA1F9F6B2529F99100FDE804 /* DashboardPresenter.swift */ = {isa = PBXFileReference; lastKnownFileType = sourcecode.swift; path = DashboardPresenter.swift; sourceTree = "<group>"; };
		FA1F9F6E2529F9A300FDE804 /* DashboardWireframe.swift */ = {isa = PBXFileReference; lastKnownFileType = sourcecode.swift; path = DashboardWireframe.swift; sourceTree = "<group>"; };
		FA1F9F712529FA9100FDE804 /* DashboardInteractor.swift */ = {isa = PBXFileReference; lastKnownFileType = sourcecode.swift; path = DashboardInteractor.swift; sourceTree = "<group>"; };
		FA1F9F7B252A06D300FDE804 /* MovieDetailViewController.swift */ = {isa = PBXFileReference; lastKnownFileType = sourcecode.swift; path = MovieDetailViewController.swift; sourceTree = "<group>"; };
		FA1F9F7C252A06D300FDE804 /* MovieDetailViewController.xib */ = {isa = PBXFileReference; lastKnownFileType = file.xib; path = MovieDetailViewController.xib; sourceTree = "<group>"; };
		FA1F9F81252A06E400FDE804 /* MovieDetailInterface.swift */ = {isa = PBXFileReference; lastKnownFileType = sourcecode.swift; path = MovieDetailInterface.swift; sourceTree = "<group>"; };
		FA1F9F84252A074A00FDE804 /* MovieDetailPresenter.swift */ = {isa = PBXFileReference; lastKnownFileType = sourcecode.swift; path = MovieDetailPresenter.swift; sourceTree = "<group>"; };
		FA1F9F87252A077E00FDE804 /* MovieDetailWireframe.swift */ = {isa = PBXFileReference; lastKnownFileType = sourcecode.swift; path = MovieDetailWireframe.swift; sourceTree = "<group>"; };
		FA1F9F8B252A08FF00FDE804 /* MovieDetailInteractor.swift */ = {isa = PBXFileReference; lastKnownFileType = sourcecode.swift; path = MovieDetailInteractor.swift; sourceTree = "<group>"; };
		FA1F9F8F252A0F1800FDE804 /* MovieList.swift */ = {isa = PBXFileReference; lastKnownFileType = sourcecode.swift; path = MovieList.swift; sourceTree = "<group>"; };
		FA253647254058AA000E879B /* BoilerplateInterface.swift */ = {isa = PBXFileReference; lastKnownFileType = sourcecode.swift; path = BoilerplateInterface.swift; sourceTree = "<group>"; };
		FA25364F254058F1000E879B /* BoilerplatePresenter.swift */ = {isa = PBXFileReference; lastKnownFileType = sourcecode.swift; path = BoilerplatePresenter.swift; sourceTree = "<group>"; };
		FA25365425405914000E879B /* BoilerplateWireframe.swift */ = {isa = PBXFileReference; lastKnownFileType = sourcecode.swift; path = BoilerplateWireframe.swift; sourceTree = "<group>"; };
		FA25365925405928000E879B /* BoilerplateInteractor.swift */ = {isa = PBXFileReference; lastKnownFileType = sourcecode.swift; path = BoilerplateInteractor.swift; sourceTree = "<group>"; };
		FA25366725405964000E879B /* BoilerplateViewController.swift */ = {isa = PBXFileReference; lastKnownFileType = sourcecode.swift; path = BoilerplateViewController.swift; sourceTree = "<group>"; };
		FA25366825405964000E879B /* BoilerplateViewController.xib */ = {isa = PBXFileReference; lastKnownFileType = file.xib; path = BoilerplateViewController.xib; sourceTree = "<group>"; };
		FA25367425407687000E879B /* README.md */ = {isa = PBXFileReference; lastKnownFileType = net.daringfireball.markdown; path = README.md; sourceTree = "<group>"; };
		FA25367C25407866000E879B /* README.md */ = {isa = PBXFileReference; lastKnownFileType = net.daringfireball.markdown; path = README.md; sourceTree = "<group>"; };
		FA25368425407A22000E879B /* README.md */ = {isa = PBXFileReference; lastKnownFileType = net.daringfireball.markdown; path = README.md; sourceTree = "<group>"; };
		FAB613ED252A154500BA87D4 /* MovieCell.swift */ = {isa = PBXFileReference; lastKnownFileType = sourcecode.swift; path = MovieCell.swift; sourceTree = "<group>"; };
		FAB613EE252A154500BA87D4 /* MovieCell.xib */ = {isa = PBXFileReference; lastKnownFileType = file.xib; path = MovieCell.xib; sourceTree = "<group>"; };
		FADA6F3B252A43B000B8C4D9 /* README.md */ = {isa = PBXFileReference; fileEncoding = 4; lastKnownFileType = net.daringfireball.markdown; path = README.md; sourceTree = "<group>"; };
		FADBC5CE2530679200495306 /* Engine1.swift */ = {isa = PBXFileReference; lastKnownFileType = sourcecode.swift; path = Engine1.swift; sourceTree = "<group>"; };
		FADBC5D6253067C300495306 /* TransportationDevice1.swift */ = {isa = PBXFileReference; lastKnownFileType = sourcecode.swift; path = TransportationDevice1.swift; sourceTree = "<group>"; };
		FADBC5DB253067E700495306 /* Vehicle1.swift */ = {isa = PBXFileReference; lastKnownFileType = sourcecode.swift; path = Vehicle1.swift; sourceTree = "<group>"; };
		FADBC5E02530697600495306 /* Engine1.swift */ = {isa = PBXFileReference; lastKnownFileType = sourcecode.swift; path = Engine1.swift; sourceTree = "<group>"; };
		FADBC5E5253069A100495306 /* TransportationDevice1.swift */ = {isa = PBXFileReference; lastKnownFileType = sourcecode.swift; path = TransportationDevice1.swift; sourceTree = "<group>"; };
		FADBC5EA253069EC00495306 /* VehicleWithoutEngine1.swift */ = {isa = PBXFileReference; lastKnownFileType = sourcecode.swift; path = VehicleWithoutEngine1.swift; sourceTree = "<group>"; };
		FADBC5EF25306ABE00495306 /* VehicleWithEngine1.swift */ = {isa = PBXFileReference; lastKnownFileType = sourcecode.swift; path = VehicleWithEngine1.swift; sourceTree = "<group>"; };
		FADBC5F725306C2700495306 /* Vehicle1.swift */ = {isa = PBXFileReference; lastKnownFileType = sourcecode.swift; path = Vehicle1.swift; sourceTree = "<group>"; };
		FADBC5FE25306E5300495306 /* DataAccess.swift */ = {isa = PBXFileReference; lastKnownFileType = sourcecode.swift; path = DataAccess.swift; sourceTree = "<group>"; };
		FADBC60325306EAB00495306 /* DataAccessFactory.swift */ = {isa = PBXFileReference; lastKnownFileType = sourcecode.swift; path = DataAccessFactory.swift; sourceTree = "<group>"; };
		FADBC60825306F1A00495306 /* DataCustomerLogic.swift */ = {isa = PBXFileReference; lastKnownFileType = sourcecode.swift; path = DataCustomerLogic.swift; sourceTree = "<group>"; };
		FADBC60E25306FBF00495306 /* DataAccess.swift */ = {isa = PBXFileReference; lastKnownFileType = sourcecode.swift; path = DataAccess.swift; sourceTree = "<group>"; };
		FADBC6192530704000495306 /* DataAccessFactory.swift */ = {isa = PBXFileReference; lastKnownFileType = sourcecode.swift; path = DataAccessFactory.swift; sourceTree = "<group>"; };
		FADBC61E2530710A00495306 /* DataCustomerLogic.swift */ = {isa = PBXFileReference; lastKnownFileType = sourcecode.swift; path = DataCustomerLogic.swift; sourceTree = "<group>"; };
		FADBC6232530764000495306 /* InfoWrongExample.plist */ = {isa = PBXFileReference; lastKnownFileType = text.plist.xml; path = InfoWrongExample.plist; sourceTree = "<group>"; };
		FADBC6242530764000495306 /* InfoCorrectExample.plist */ = {isa = PBXFileReference; lastKnownFileType = text.plist.xml; path = InfoCorrectExample.plist; sourceTree = "<group>"; };
/* End PBXFileReference section */

/* Begin PBXFrameworksBuildPhase section */
		FA1C5F5D25304DD600A14157 /* Frameworks */ = {
			isa = PBXFrameworksBuildPhase;
			buildActionMask = 2147483647;
			files = (
			);
			runOnlyForDeploymentPostprocessing = 0;
		};
		FA1C5F8225304DDB00A14157 /* Frameworks */ = {
			isa = PBXFrameworksBuildPhase;
			buildActionMask = 2147483647;
			files = (
			);
			runOnlyForDeploymentPostprocessing = 0;
		};
		FA1F9F1C2529F0FA00FDE804 /* Frameworks */ = {
			isa = PBXFrameworksBuildPhase;
			buildActionMask = 2147483647;
			files = (
			);
			runOnlyForDeploymentPostprocessing = 0;
		};
/* End PBXFrameworksBuildPhase section */

/* Begin PBXGroup section */
		FA1C5F2A2530448700A14157 /* Example */ = {
			isa = PBXGroup;
			children = (
				FA1C5F2B2530449A00A14157 /* Liskov Substitution Principle */,
				FADBC5CB2530672B00495306 /* Interface Segregation Principle */,
				FADBC5FC25306DF700495306 /* Dependency Inversion Principle */,
			);
			path = Example;
			sourceTree = "<group>";
		};
		FA1C5F2B2530449A00A14157 /* Liskov Substitution Principle */ = {
			isa = PBXGroup;
			children = (
				FA25367425407687000E879B /* README.md */,
				FA1C5F2C253044B900A14157 /* Wrong */,
				FA1C5F2D253044BC00A14157 /* Correct */,
			);
			path = "Liskov Substitution Principle";
			sourceTree = "<group>";
		};
		FA1C5F2C253044B900A14157 /* Wrong */ = {
			isa = PBXGroup;
			children = (
				FA1C5F35253045E300A14157 /* Engine.swift */,
				FA1C5F2E253044CF00A14157 /* TransportationDevice.swift */,
				FA1C5FC8253062FA00A14157 /* Vehicle.swift */,
			);
			path = Wrong;
			sourceTree = "<group>";
		};
		FA1C5F2D253044BC00A14157 /* Correct */ = {
			isa = PBXGroup;
			children = (
				FA1C5FBB253061F700A14157 /* Engine.swift */,
				FA1C5F3C253048A200A14157 /* TransportationDevice.swift */,
				FA1C5F442530495000A14157 /* VehicleWithoutEngine.swift */,
				FA1C5FB6253061DD00A14157 /* VehicleWithEngine.swift */,
				FA1C5FC32530624900A14157 /* Vehicle.swift */,
			);
			path = Correct;
			sourceTree = "<group>";
		};
		FA1E1884252A1D94006B7787 /* Extensions */ = {
			isa = PBXGroup;
			children = (
				FA1E1885252A1DA2006B7787 /* UIImageView.swift */,
			);
			path = Extensions;
			sourceTree = "<group>";
		};
		FA1E188C252A233D006B7787 /* View */ = {
			isa = PBXGroup;
			children = (
				FA1F9F7C252A06D300FDE804 /* MovieDetailViewController.xib */,
				FA1F9F7B252A06D300FDE804 /* MovieDetailViewController.swift */,
			);
			path = View;
			sourceTree = "<group>";
		};
		FA1F9F162529F0FA00FDE804 = {
			isa = PBXGroup;
			children = (
				FADA6F3B252A43B000B8C4D9 /* README.md */,
				FA1F9F212529F0FA00FDE804 /* Viper App */,
				FA1F9F202529F0FA00FDE804 /* Products */,
				FA1C5F2A2530448700A14157 /* Example */,
			);
			sourceTree = "<group>";
		};
		FA1F9F202529F0FA00FDE804 /* Products */ = {
			isa = PBXGroup;
			children = (
				FA1F9F1F2529F0FA00FDE804 /* Viper App.app */,
				FA1C5F6825304DD600A14157 /* Viper App Wrong Example.app */,
				FA1C5F8D25304DDB00A14157 /* Viper App Correct Example.app */,
			);
			name = Products;
			sourceTree = "<group>";
		};
		FA1F9F212529F0FA00FDE804 /* Viper App */ = {
			isa = PBXGroup;
			children = (
				FA1F9F372529F15300FDE804 /* Modules */,
				FA1F9F562529F51D00FDE804 /* Protocol */,
				FA1E1884252A1D94006B7787 /* Extensions */,
				FA25364625405891000E879B /* Boilerplate */,
				FA1F9F222529F0FA00FDE804 /* AppDelegate.swift */,
				FA1F9F242529F0FA00FDE804 /* SceneDelegate.swift */,
				FA1F9F2B2529F0FF00FDE804 /* Assets.xcassets */,
				FA1F9F302529F0FF00FDE804 /* Info.plist */,
				FADBC6242530764000495306 /* InfoCorrectExample.plist */,
				FADBC6232530764000495306 /* InfoWrongExample.plist */,
				FA1F9F2D2529F0FF00FDE804 /* LaunchScreen.storyboard */,
			);
			path = "Viper App";
			sourceTree = "<group>";
		};
		FA1F9F372529F15300FDE804 /* Modules */ = {
			isa = PBXGroup;
			children = (
				FA1F9F382529F16700FDE804 /* Dashboard */,
				FA1F9F7A252A06B000FDE804 /* Movie Detail */,
			);
			path = Modules;
			sourceTree = "<group>";
		};
		FA1F9F382529F16700FDE804 /* Dashboard */ = {
			isa = PBXGroup;
			children = (
				FA1F9F92252A13F000FDE804 /* View */,
				FA1F9F8E252A0F0B00FDE804 /* Entities */,
				FA1F9F6B2529F99100FDE804 /* DashboardPresenter.swift */,
				FA1F9F6E2529F9A300FDE804 /* DashboardWireframe.swift */,
				FA1F9F712529FA9100FDE804 /* DashboardInteractor.swift */,
				FA1F9F682529F92A00FDE804 /* DashboardInterface.swift */,
			);
			path = Dashboard;
			sourceTree = "<group>";
		};
		FA1F9F562529F51D00FDE804 /* Protocol */ = {
			isa = PBXGroup;
			children = (
				FA1F9F572529F52B00FDE804 /* BaseWireframe.swift */,
				FA1F9F5B2529F55D00FDE804 /* PresenterInterface.swift */,
				FA1F9F5E2529F7B500FDE804 /* ViewInterface.swift */,
				FA1F9F612529F7D800FDE804 /* InteractorInterface.swift */,
			);
			path = Protocol;
			sourceTree = "<group>";
		};
		FA1F9F7A252A06B000FDE804 /* Movie Detail */ = {
			isa = PBXGroup;
			children = (
				FA1E188C252A233D006B7787 /* View */,
				FA1F9F81252A06E400FDE804 /* MovieDetailInterface.swift */,
				FA1F9F84252A074A00FDE804 /* MovieDetailPresenter.swift */,
				FA1F9F87252A077E00FDE804 /* MovieDetailWireframe.swift */,
				FA1F9F8B252A08FF00FDE804 /* MovieDetailInteractor.swift */,
			);
			path = "Movie Detail";
			sourceTree = "<group>";
		};
		FA1F9F8E252A0F0B00FDE804 /* Entities */ = {
			isa = PBXGroup;
			children = (
				FA1F9F8F252A0F1800FDE804 /* MovieList.swift */,
			);
			path = Entities;
			sourceTree = "<group>";
		};
		FA1F9F92252A13F000FDE804 /* View */ = {
			isa = PBXGroup;
			children = (
				FA1F9F93252A142100FDE804 /* Cells */,
				FA1F9F432529F30700FDE804 /* DashboardViewController.xib */,
				FA1F9F422529F30700FDE804 /* DashboardViewController.swift */,
			);
			path = View;
			sourceTree = "<group>";
		};
		FA1F9F93252A142100FDE804 /* Cells */ = {
			isa = PBXGroup;
			children = (
				FAB613ED252A154500BA87D4 /* MovieCell.swift */,
				FAB613EE252A154500BA87D4 /* MovieCell.xib */,
			);
			path = Cells;
			sourceTree = "<group>";
		};
		FA25364625405891000E879B /* Boilerplate */ = {
			isa = PBXGroup;
			children = (
				FA25365E2540592C000E879B /* View */,
				FA253647254058AA000E879B /* BoilerplateInterface.swift */,
				FA25364F254058F1000E879B /* BoilerplatePresenter.swift */,
				FA25365425405914000E879B /* BoilerplateWireframe.swift */,
				FA25365925405928000E879B /* BoilerplateInteractor.swift */,
			);
			path = Boilerplate;
			sourceTree = "<group>";
		};
		FA25365E2540592C000E879B /* View */ = {
			isa = PBXGroup;
			children = (
				FA25366725405964000E879B /* BoilerplateViewController.swift */,
				FA25366825405964000E879B /* BoilerplateViewController.xib */,
			);
			path = View;
			sourceTree = "<group>";
		};
		FADBC5CB2530672B00495306 /* Interface Segregation Principle */ = {
			isa = PBXGroup;
			children = (
				FA25367C25407866000E879B /* README.md */,
				FADBC5CC2530673500495306 /* Wrong */,
				FADBC5CD2530673900495306 /* Correct */,
			);
			path = "Interface Segregation Principle";
			sourceTree = "<group>";
		};
		FADBC5CC2530673500495306 /* Wrong */ = {
			isa = PBXGroup;
			children = (
				FADBC5CE2530679200495306 /* Engine1.swift */,
				FADBC5D6253067C300495306 /* TransportationDevice1.swift */,
				FADBC5DB253067E700495306 /* Vehicle1.swift */,
			);
			path = Wrong;
			sourceTree = "<group>";
		};
		FADBC5CD2530673900495306 /* Correct */ = {
			isa = PBXGroup;
			children = (
				FADBC5E02530697600495306 /* Engine1.swift */,
				FADBC5E5253069A100495306 /* TransportationDevice1.swift */,
				FADBC5EA253069EC00495306 /* VehicleWithoutEngine1.swift */,
				FADBC5EF25306ABE00495306 /* VehicleWithEngine1.swift */,
				FADBC5F725306C2700495306 /* Vehicle1.swift */,
			);
			path = Correct;
			sourceTree = "<group>";
		};
		FADBC5FC25306DF700495306 /* Dependency Inversion Principle */ = {
			isa = PBXGroup;
			children = (
				FA25368425407A22000E879B /* README.md */,
				FADBC5FD25306E2800495306 /* Wrong */,
				FADBC60D25306F7A00495306 /* Correct */,
			);
			path = "Dependency Inversion Principle";
			sourceTree = "<group>";
		};
		FADBC5FD25306E2800495306 /* Wrong */ = {
			isa = PBXGroup;
			children = (
				FADBC5FE25306E5300495306 /* DataAccess.swift */,
				FADBC60325306EAB00495306 /* DataAccessFactory.swift */,
				FADBC60825306F1A00495306 /* DataCustomerLogic.swift */,
			);
			path = Wrong;
			sourceTree = "<group>";
		};
		FADBC60D25306F7A00495306 /* Correct */ = {
			isa = PBXGroup;
			children = (
				FADBC60E25306FBF00495306 /* DataAccess.swift */,
				FADBC6192530704000495306 /* DataAccessFactory.swift */,
				FADBC61E2530710A00495306 /* DataCustomerLogic.swift */,
			);
			path = Correct;
			sourceTree = "<group>";
		};
/* End PBXGroup section */

/* Begin PBXNativeTarget section */
		FA1C5F4725304DD600A14157 /* Viper App Wrong Example */ = {
			isa = PBXNativeTarget;
			buildConfigurationList = FA1C5F6525304DD600A14157 /* Build configuration list for PBXNativeTarget "Viper App Wrong Example" */;
			buildPhases = (
				FA1C5F4825304DD600A14157 /* Sources */,
				FA1C5F5D25304DD600A14157 /* Frameworks */,
				FA1C5F5E25304DD600A14157 /* Resources */,
			);
			buildRules = (
			);
			dependencies = (
			);
			name = "Viper App Wrong Example";
			productName = "Viper App";
			productReference = FA1C5F6825304DD600A14157 /* Viper App Wrong Example.app */;
			productType = "com.apple.product-type.application";
		};
		FA1C5F6C25304DDB00A14157 /* Viper App Correct Example */ = {
			isa = PBXNativeTarget;
			buildConfigurationList = FA1C5F8A25304DDB00A14157 /* Build configuration list for PBXNativeTarget "Viper App Correct Example" */;
			buildPhases = (
				FA1C5F6D25304DDB00A14157 /* Sources */,
				FA1C5F8225304DDB00A14157 /* Frameworks */,
				FA1C5F8325304DDB00A14157 /* Resources */,
			);
			buildRules = (
			);
			dependencies = (
			);
			name = "Viper App Correct Example";
			productName = "Viper App";
			productReference = FA1C5F8D25304DDB00A14157 /* Viper App Correct Example.app */;
			productType = "com.apple.product-type.application";
		};
		FA1F9F1E2529F0FA00FDE804 /* Viper App */ = {
			isa = PBXNativeTarget;
			buildConfigurationList = FA1F9F332529F0FF00FDE804 /* Build configuration list for PBXNativeTarget "Viper App" */;
			buildPhases = (
				FA1F9F1B2529F0FA00FDE804 /* Sources */,
				FA1F9F1C2529F0FA00FDE804 /* Frameworks */,
				FA1F9F1D2529F0FA00FDE804 /* Resources */,
			);
			buildRules = (
			);
			dependencies = (
			);
			name = "Viper App";
			productName = "Viper App";
			productReference = FA1F9F1F2529F0FA00FDE804 /* Viper App.app */;
			productType = "com.apple.product-type.application";
		};
/* End PBXNativeTarget section */

/* Begin PBXProject section */
		FA1F9F172529F0FA00FDE804 /* Project object */ = {
			isa = PBXProject;
			attributes = {
				LastSwiftUpdateCheck = 1200;
				LastUpgradeCheck = 1200;
				TargetAttributes = {
					FA1F9F1E2529F0FA00FDE804 = {
						CreatedOnToolsVersion = 12.0.1;
					};
				};
			};
			buildConfigurationList = FA1F9F1A2529F0FA00FDE804 /* Build configuration list for PBXProject "Viper App" */;
			compatibilityVersion = "Xcode 9.3";
			developmentRegion = en;
			hasScannedForEncodings = 0;
			knownRegions = (
				en,
				Base,
			);
			mainGroup = FA1F9F162529F0FA00FDE804;
			productRefGroup = FA1F9F202529F0FA00FDE804 /* Products */;
			projectDirPath = "";
			projectRoot = "";
			targets = (
				FA1F9F1E2529F0FA00FDE804 /* Viper App */,
				FA1C5F4725304DD600A14157 /* Viper App Wrong Example */,
				FA1C5F6C25304DDB00A14157 /* Viper App Correct Example */,
			);
		};
/* End PBXProject section */

/* Begin PBXResourcesBuildPhase section */
		FA1C5F5E25304DD600A14157 /* Resources */ = {
			isa = PBXResourcesBuildPhase;
			buildActionMask = 2147483647;
			files = (
				FA1C5F5F25304DD600A14157 /* README.md in Resources */,
				FA1C5F6025304DD600A14157 /* MovieDetailViewController.xib in Resources */,
				FA1C5F6125304DD600A14157 /* LaunchScreen.storyboard in Resources */,
				FA1C5F6225304DD600A14157 /* Assets.xcassets in Resources */,
				FA1C5F6325304DD600A14157 /* DashboardViewController.xib in Resources */,
				FA1C5F6425304DD600A14157 /* MovieCell.xib in Resources */,
			);
			runOnlyForDeploymentPostprocessing = 0;
		};
		FA1C5F8325304DDB00A14157 /* Resources */ = {
			isa = PBXResourcesBuildPhase;
			buildActionMask = 2147483647;
			files = (
				FA1C5F8425304DDB00A14157 /* README.md in Resources */,
				FA1C5F8525304DDB00A14157 /* MovieDetailViewController.xib in Resources */,
				FA1C5F8625304DDB00A14157 /* LaunchScreen.storyboard in Resources */,
				FA1C5F8725304DDB00A14157 /* Assets.xcassets in Resources */,
				FA1C5F8825304DDB00A14157 /* DashboardViewController.xib in Resources */,
				FA1C5F8925304DDB00A14157 /* MovieCell.xib in Resources */,
			);
			runOnlyForDeploymentPostprocessing = 0;
		};
		FA1F9F1D2529F0FA00FDE804 /* Resources */ = {
			isa = PBXResourcesBuildPhase;
			buildActionMask = 2147483647;
			files = (
				FADA6F3C252A43B000B8C4D9 /* README.md in Resources */,
				FA1F9F7E252A06D300FDE804 /* MovieDetailViewController.xib in Resources */,
				FA1F9F2F2529F0FF00FDE804 /* LaunchScreen.storyboard in Resources */,
				FA1F9F2C2529F0FF00FDE804 /* Assets.xcassets in Resources */,
				FA1F9F452529F30700FDE804 /* DashboardViewController.xib in Resources */,
				FAB613F0252A154500BA87D4 /* MovieCell.xib in Resources */,
				FA25366A25405964000E879B /* BoilerplateViewController.xib in Resources */,
			);
			runOnlyForDeploymentPostprocessing = 0;
		};
/* End PBXResourcesBuildPhase section */

/* Begin PBXSourcesBuildPhase section */
		FA1C5F4825304DD600A14157 /* Sources */ = {
			isa = PBXSourcesBuildPhase;
			buildActionMask = 2147483647;
			files = (
				FADBC5CF2530679200495306 /* Engine1.swift in Sources */,
				FA1C5FC9253062FA00A14157 /* Vehicle.swift in Sources */,
				FA1C5F4925304DD600A14157 /* AppDelegate.swift in Sources */,
				FA1C5F4A25304DD600A14157 /* DashboardViewController.swift in Sources */,
				FADBC60925306F1A00495306 /* DataCustomerLogic.swift in Sources */,
				FA1C5F4B25304DD600A14157 /* MovieCell.swift in Sources */,
				FA1C5F9F25304E8100A14157 /* TransportationDevice.swift in Sources */,
				FA1C5F4C25304DD600A14157 /* MovieDetailPresenter.swift in Sources */,
				FA1C5F4D25304DD600A14157 /* InteractorInterface.swift in Sources */,
				FA1C5F4E25304DD600A14157 /* MovieList.swift in Sources */,
				FA1C5F4F25304DD600A14157 /* MovieDetailInteractor.swift in Sources */,
				FA1C5F5025304DD600A14157 /* SceneDelegate.swift in Sources */,
				FA1C5F5125304DD600A14157 /* MovieDetailViewController.swift in Sources */,
				FA1C5F5225304DD600A14157 /* DashboardInterface.swift in Sources */,
				FADBC5FF25306E5300495306 /* DataAccess.swift in Sources */,
				FA1C5F5325304DD600A14157 /* DashboardPresenter.swift in Sources */,
				FA1C5F5525304DD600A14157 /* BaseWireframe.swift in Sources */,
				FADBC5D7253067C300495306 /* TransportationDevice1.swift in Sources */,
				FA1C5F9B25304E7E00A14157 /* Engine.swift in Sources */,
				FA1C5F5625304DD600A14157 /* UIImageView.swift in Sources */,
				FA1C5F5725304DD600A14157 /* DashboardInteractor.swift in Sources */,
				FA1C5F5825304DD600A14157 /* MovieDetailWireframe.swift in Sources */,
				FA1C5F5925304DD600A14157 /* DashboardWireframe.swift in Sources */,
				FA1C5F5A25304DD600A14157 /* MovieDetailInterface.swift in Sources */,
				FADBC60425306EAB00495306 /* DataAccessFactory.swift in Sources */,
				FA1C5F5B25304DD600A14157 /* ViewInterface.swift in Sources */,
				FADBC5DC253067E700495306 /* Vehicle1.swift in Sources */,
				FA1C5F5C25304DD600A14157 /* PresenterInterface.swift in Sources */,
			);
			runOnlyForDeploymentPostprocessing = 0;
		};
		FA1C5F6D25304DDB00A14157 /* Sources */ = {
			isa = PBXSourcesBuildPhase;
			buildActionMask = 2147483647;
			files = (
				FA1C5FC42530624900A14157 /* Vehicle.swift in Sources */,
				FA1C5FBC253061F700A14157 /* Engine.swift in Sources */,
				FADBC5EB253069EC00495306 /* VehicleWithoutEngine1.swift in Sources */,
				FA1C5F6E25304DDB00A14157 /* AppDelegate.swift in Sources */,
				FADBC5F025306ABE00495306 /* VehicleWithEngine1.swift in Sources */,
				FA1C5F6F25304DDB00A14157 /* DashboardViewController.swift in Sources */,
				FA1C5F7025304DDB00A14157 /* MovieCell.swift in Sources */,
				FA1C5F7125304DDB00A14157 /* MovieDetailPresenter.swift in Sources */,
				FA1C5FB7253061DD00A14157 /* VehicleWithEngine.swift in Sources */,
				FADBC61A2530704000495306 /* DataAccessFactory.swift in Sources */,
				FA1C5F7225304DDB00A14157 /* InteractorInterface.swift in Sources */,
				FA1C5FB125304E8900A14157 /* TransportationDevice.swift in Sources */,
				FADBC61F2530710A00495306 /* DataCustomerLogic.swift in Sources */,
				FA1C5F7325304DDB00A14157 /* MovieList.swift in Sources */,
				FA1C5F7425304DDB00A14157 /* MovieDetailInteractor.swift in Sources */,
				FADBC5E12530697600495306 /* Engine1.swift in Sources */,
				FA1C5F7525304DDB00A14157 /* SceneDelegate.swift in Sources */,
				FA1C5F7625304DDB00A14157 /* MovieDetailViewController.swift in Sources */,
				FA1C5F7725304DDB00A14157 /* DashboardInterface.swift in Sources */,
				FA1C5F7825304DDB00A14157 /* DashboardPresenter.swift in Sources */,
				FA1C5F7A25304DDB00A14157 /* BaseWireframe.swift in Sources */,
				FADBC60F25306FBF00495306 /* DataAccess.swift in Sources */,
				FADBC5F825306C2700495306 /* Vehicle1.swift in Sources */,
				FA1C5F7B25304DDB00A14157 /* UIImageView.swift in Sources */,
				FA1C5F7C25304DDB00A14157 /* DashboardInteractor.swift in Sources */,
				FADBC5E6253069A100495306 /* TransportationDevice1.swift in Sources */,
				FA1C5F7D25304DDB00A14157 /* MovieDetailWireframe.swift in Sources */,
				FA1C5F7E25304DDB00A14157 /* DashboardWireframe.swift in Sources */,
				FA1C5F7F25304DDB00A14157 /* MovieDetailInterface.swift in Sources */,
				FA1C5F8025304DDB00A14157 /* ViewInterface.swift in Sources */,
				FA1C5F8125304DDB00A14157 /* PresenterInterface.swift in Sources */,
				FA1C5FB225304E8900A14157 /* VehicleWithoutEngine.swift in Sources */,
			);
			runOnlyForDeploymentPostprocessing = 0;
		};
		FA1F9F1B2529F0FA00FDE804 /* Sources */ = {
			isa = PBXSourcesBuildPhase;
			buildActionMask = 2147483647;
			files = (
				FA1F9F232529F0FA00FDE804 /* AppDelegate.swift in Sources */,
				FA1F9F442529F30700FDE804 /* DashboardViewController.swift in Sources */,
				FAB613EF252A154500BA87D4 /* MovieCell.swift in Sources */,
				FA1F9F85252A074A00FDE804 /* MovieDetailPresenter.swift in Sources */,
				FA25366925405964000E879B /* BoilerplateViewController.swift in Sources */,
				FA1F9F622529F7D800FDE804 /* InteractorInterface.swift in Sources */,
				FA1F9F90252A0F1800FDE804 /* MovieList.swift in Sources */,
				FA1F9F8C252A08FF00FDE804 /* MovieDetailInteractor.swift in Sources */,
				FA1F9F252529F0FA00FDE804 /* SceneDelegate.swift in Sources */,
				FA1F9F7D252A06D300FDE804 /* MovieDetailViewController.swift in Sources */,
				FA253648254058AA000E879B /* BoilerplateInterface.swift in Sources */,
				FA1F9F692529F92A00FDE804 /* DashboardInterface.swift in Sources */,
				FA1F9F6C2529F99100FDE804 /* DashboardPresenter.swift in Sources */,
				FA1F9F582529F52B00FDE804 /* BaseWireframe.swift in Sources */,
				FA1E1886252A1DA2006B7787 /* UIImageView.swift in Sources */,
				FA25365525405914000E879B /* BoilerplateWireframe.swift in Sources */,
				FA1F9F722529FA9100FDE804 /* DashboardInteractor.swift in Sources */,
				FA253650254058F1000E879B /* BoilerplatePresenter.swift in Sources */,
				FA1F9F88252A077E00FDE804 /* MovieDetailWireframe.swift in Sources */,
				FA1F9F6F2529F9A300FDE804 /* DashboardWireframe.swift in Sources */,
				FA1F9F82252A06E400FDE804 /* MovieDetailInterface.swift in Sources */,
				FA25365A25405928000E879B /* BoilerplateInteractor.swift in Sources */,
				FA1F9F5F2529F7B500FDE804 /* ViewInterface.swift in Sources */,
				FA1F9F5C2529F55D00FDE804 /* PresenterInterface.swift in Sources */,
			);
			runOnlyForDeploymentPostprocessing = 0;
		};
/* End PBXSourcesBuildPhase section */

/* Begin PBXVariantGroup section */
		FA1F9F2D2529F0FF00FDE804 /* LaunchScreen.storyboard */ = {
			isa = PBXVariantGroup;
			children = (
				FA1F9F2E2529F0FF00FDE804 /* Base */,
			);
			name = LaunchScreen.storyboard;
			sourceTree = "<group>";
		};
/* End PBXVariantGroup section */

/* Begin XCBuildConfiguration section */
		FA1C5F6625304DD600A14157 /* Debug */ = {
			isa = XCBuildConfiguration;
			buildSettings = {
				ASSETCATALOG_COMPILER_APPICON_NAME = AppIcon;
				ASSETCATALOG_COMPILER_GLOBAL_ACCENT_COLOR_NAME = AccentColor;
				CODE_SIGN_STYLE = Automatic;
				INFOPLIST_FILE = "$(SRCROOT)/Viper App/InfoWrongExample.plist";
				LD_RUNPATH_SEARCH_PATHS = (
					"$(inherited)",
					"@executable_path/Frameworks",
				);
				PRODUCT_BUNDLE_IDENTIFIER = "rinoaleph.Viper-App";
				PRODUCT_NAME = "$(TARGET_NAME)";
				SWIFT_VERSION = 5.0;
				TARGETED_DEVICE_FAMILY = "1,2";
			};
			name = Debug;
		};
		FA1C5F6725304DD600A14157 /* Release */ = {
			isa = XCBuildConfiguration;
			buildSettings = {
				ASSETCATALOG_COMPILER_APPICON_NAME = AppIcon;
				ASSETCATALOG_COMPILER_GLOBAL_ACCENT_COLOR_NAME = AccentColor;
				CODE_SIGN_STYLE = Automatic;
				INFOPLIST_FILE = "$(SRCROOT)/Viper App/InfoWrongExample.plist";
				LD_RUNPATH_SEARCH_PATHS = (
					"$(inherited)",
					"@executable_path/Frameworks",
				);
				PRODUCT_BUNDLE_IDENTIFIER = "rinoaleph.Viper-App";
				PRODUCT_NAME = "$(TARGET_NAME)";
				SWIFT_VERSION = 5.0;
				TARGETED_DEVICE_FAMILY = "1,2";
			};
			name = Release;
		};
		FA1C5F8B25304DDB00A14157 /* Debug */ = {
			isa = XCBuildConfiguration;
			buildSettings = {
				ASSETCATALOG_COMPILER_APPICON_NAME = AppIcon;
				ASSETCATALOG_COMPILER_GLOBAL_ACCENT_COLOR_NAME = AccentColor;
				CODE_SIGN_STYLE = Automatic;
				INFOPLIST_FILE = "$(SRCROOT)/Viper App/InfoCorrectExample.plist";
				LD_RUNPATH_SEARCH_PATHS = (
					"$(inherited)",
					"@executable_path/Frameworks",
				);
				PRODUCT_BUNDLE_IDENTIFIER = "rinoaleph.Viper-App";
				PRODUCT_NAME = "$(TARGET_NAME)";
				SWIFT_VERSION = 5.0;
				TARGETED_DEVICE_FAMILY = "1,2";
			};
			name = Debug;
		};
		FA1C5F8C25304DDB00A14157 /* Release */ = {
			isa = XCBuildConfiguration;
			buildSettings = {
				ASSETCATALOG_COMPILER_APPICON_NAME = AppIcon;
				ASSETCATALOG_COMPILER_GLOBAL_ACCENT_COLOR_NAME = AccentColor;
				CODE_SIGN_STYLE = Automatic;
				INFOPLIST_FILE = "$(SRCROOT)/Viper App/InfoCorrectExample.plist";
				LD_RUNPATH_SEARCH_PATHS = (
					"$(inherited)",
					"@executable_path/Frameworks",
				);
				PRODUCT_BUNDLE_IDENTIFIER = "rinoaleph.Viper-App";
				PRODUCT_NAME = "$(TARGET_NAME)";
				SWIFT_VERSION = 5.0;
				TARGETED_DEVICE_FAMILY = "1,2";
			};
			name = Release;
		};
		FA1F9F312529F0FF00FDE804 /* Debug */ = {
			isa = XCBuildConfiguration;
			buildSettings = {
				ALWAYS_SEARCH_USER_PATHS = NO;
				CLANG_ANALYZER_NONNULL = YES;
				CLANG_ANALYZER_NUMBER_OBJECT_CONVERSION = YES_AGGRESSIVE;
				CLANG_CXX_LANGUAGE_STANDARD = "gnu++14";
				CLANG_CXX_LIBRARY = "libc++";
				CLANG_ENABLE_MODULES = YES;
				CLANG_ENABLE_OBJC_ARC = YES;
				CLANG_ENABLE_OBJC_WEAK = YES;
				CLANG_WARN_BLOCK_CAPTURE_AUTORELEASING = YES;
				CLANG_WARN_BOOL_CONVERSION = YES;
				CLANG_WARN_COMMA = YES;
				CLANG_WARN_CONSTANT_CONVERSION = YES;
				CLANG_WARN_DEPRECATED_OBJC_IMPLEMENTATIONS = YES;
				CLANG_WARN_DIRECT_OBJC_ISA_USAGE = YES_ERROR;
				CLANG_WARN_DOCUMENTATION_COMMENTS = YES;
				CLANG_WARN_EMPTY_BODY = YES;
				CLANG_WARN_ENUM_CONVERSION = YES;
				CLANG_WARN_INFINITE_RECURSION = YES;
				CLANG_WARN_INT_CONVERSION = YES;
				CLANG_WARN_NON_LITERAL_NULL_CONVERSION = YES;
				CLANG_WARN_OBJC_IMPLICIT_RETAIN_SELF = YES;
				CLANG_WARN_OBJC_LITERAL_CONVERSION = YES;
				CLANG_WARN_OBJC_ROOT_CLASS = YES_ERROR;
				CLANG_WARN_QUOTED_INCLUDE_IN_FRAMEWORK_HEADER = YES;
				CLANG_WARN_RANGE_LOOP_ANALYSIS = YES;
				CLANG_WARN_STRICT_PROTOTYPES = YES;
				CLANG_WARN_SUSPICIOUS_MOVE = YES;
				CLANG_WARN_UNGUARDED_AVAILABILITY = YES_AGGRESSIVE;
				CLANG_WARN_UNREACHABLE_CODE = YES;
				CLANG_WARN__DUPLICATE_METHOD_MATCH = YES;
				COPY_PHASE_STRIP = NO;
				DEBUG_INFORMATION_FORMAT = dwarf;
				ENABLE_STRICT_OBJC_MSGSEND = YES;
				ENABLE_TESTABILITY = YES;
				GCC_C_LANGUAGE_STANDARD = gnu11;
				GCC_DYNAMIC_NO_PIC = NO;
				GCC_NO_COMMON_BLOCKS = YES;
				GCC_OPTIMIZATION_LEVEL = 0;
				GCC_PREPROCESSOR_DEFINITIONS = (
					"DEBUG=1",
					"$(inherited)",
				);
				GCC_WARN_64_TO_32_BIT_CONVERSION = YES;
				GCC_WARN_ABOUT_RETURN_TYPE = YES_ERROR;
				GCC_WARN_UNDECLARED_SELECTOR = YES;
				GCC_WARN_UNINITIALIZED_AUTOS = YES_AGGRESSIVE;
				GCC_WARN_UNUSED_FUNCTION = YES;
				GCC_WARN_UNUSED_VARIABLE = YES;
				IPHONEOS_DEPLOYMENT_TARGET = 14.0;
				MTL_ENABLE_DEBUG_INFO = INCLUDE_SOURCE;
				MTL_FAST_MATH = YES;
				ONLY_ACTIVE_ARCH = YES;
				SDKROOT = iphoneos;
				SWIFT_ACTIVE_COMPILATION_CONDITIONS = DEBUG;
				SWIFT_OPTIMIZATION_LEVEL = "-Onone";
			};
			name = Debug;
		};
		FA1F9F322529F0FF00FDE804 /* Release */ = {
			isa = XCBuildConfiguration;
			buildSettings = {
				ALWAYS_SEARCH_USER_PATHS = NO;
				CLANG_ANALYZER_NONNULL = YES;
				CLANG_ANALYZER_NUMBER_OBJECT_CONVERSION = YES_AGGRESSIVE;
				CLANG_CXX_LANGUAGE_STANDARD = "gnu++14";
				CLANG_CXX_LIBRARY = "libc++";
				CLANG_ENABLE_MODULES = YES;
				CLANG_ENABLE_OBJC_ARC = YES;
				CLANG_ENABLE_OBJC_WEAK = YES;
				CLANG_WARN_BLOCK_CAPTURE_AUTORELEASING = YES;
				CLANG_WARN_BOOL_CONVERSION = YES;
				CLANG_WARN_COMMA = YES;
				CLANG_WARN_CONSTANT_CONVERSION = YES;
				CLANG_WARN_DEPRECATED_OBJC_IMPLEMENTATIONS = YES;
				CLANG_WARN_DIRECT_OBJC_ISA_USAGE = YES_ERROR;
				CLANG_WARN_DOCUMENTATION_COMMENTS = YES;
				CLANG_WARN_EMPTY_BODY = YES;
				CLANG_WARN_ENUM_CONVERSION = YES;
				CLANG_WARN_INFINITE_RECURSION = YES;
				CLANG_WARN_INT_CONVERSION = YES;
				CLANG_WARN_NON_LITERAL_NULL_CONVERSION = YES;
				CLANG_WARN_OBJC_IMPLICIT_RETAIN_SELF = YES;
				CLANG_WARN_OBJC_LITERAL_CONVERSION = YES;
				CLANG_WARN_OBJC_ROOT_CLASS = YES_ERROR;
				CLANG_WARN_QUOTED_INCLUDE_IN_FRAMEWORK_HEADER = YES;
				CLANG_WARN_RANGE_LOOP_ANALYSIS = YES;
				CLANG_WARN_STRICT_PROTOTYPES = YES;
				CLANG_WARN_SUSPICIOUS_MOVE = YES;
				CLANG_WARN_UNGUARDED_AVAILABILITY = YES_AGGRESSIVE;
				CLANG_WARN_UNREACHABLE_CODE = YES;
				CLANG_WARN__DUPLICATE_METHOD_MATCH = YES;
				COPY_PHASE_STRIP = NO;
				DEBUG_INFORMATION_FORMAT = "dwarf-with-dsym";
				ENABLE_NS_ASSERTIONS = NO;
				ENABLE_STRICT_OBJC_MSGSEND = YES;
				GCC_C_LANGUAGE_STANDARD = gnu11;
				GCC_NO_COMMON_BLOCKS = YES;
				GCC_WARN_64_TO_32_BIT_CONVERSION = YES;
				GCC_WARN_ABOUT_RETURN_TYPE = YES_ERROR;
				GCC_WARN_UNDECLARED_SELECTOR = YES;
				GCC_WARN_UNINITIALIZED_AUTOS = YES_AGGRESSIVE;
				GCC_WARN_UNUSED_FUNCTION = YES;
				GCC_WARN_UNUSED_VARIABLE = YES;
				IPHONEOS_DEPLOYMENT_TARGET = 14.0;
				MTL_ENABLE_DEBUG_INFO = NO;
				MTL_FAST_MATH = YES;
				SDKROOT = iphoneos;
				SWIFT_COMPILATION_MODE = wholemodule;
				SWIFT_OPTIMIZATION_LEVEL = "-O";
				VALIDATE_PRODUCT = YES;
			};
			name = Release;
		};
		FA1F9F342529F0FF00FDE804 /* Debug */ = {
			isa = XCBuildConfiguration;
			buildSettings = {
				ASSETCATALOG_COMPILER_APPICON_NAME = AppIcon;
				ASSETCATALOG_COMPILER_GLOBAL_ACCENT_COLOR_NAME = AccentColor;
				CODE_SIGN_STYLE = Automatic;
				INFOPLIST_FILE = "Viper App/Info.plist";
				LD_RUNPATH_SEARCH_PATHS = (
					"$(inherited)",
					"@executable_path/Frameworks",
				);
				PRODUCT_BUNDLE_IDENTIFIER = "rinoaleph.Viper-App";
				PRODUCT_NAME = "$(TARGET_NAME)";
				SWIFT_VERSION = 5.0;
				TARGETED_DEVICE_FAMILY = "1,2";
			};
			name = Debug;
		};
		FA1F9F352529F0FF00FDE804 /* Release */ = {
			isa = XCBuildConfiguration;
			buildSettings = {
				ASSETCATALOG_COMPILER_APPICON_NAME = AppIcon;
				ASSETCATALOG_COMPILER_GLOBAL_ACCENT_COLOR_NAME = AccentColor;
				CODE_SIGN_STYLE = Automatic;
				INFOPLIST_FILE = "Viper App/Info.plist";
				LD_RUNPATH_SEARCH_PATHS = (
					"$(inherited)",
					"@executable_path/Frameworks",
				);
				PRODUCT_BUNDLE_IDENTIFIER = "rinoaleph.Viper-App";
				PRODUCT_NAME = "$(TARGET_NAME)";
				SWIFT_VERSION = 5.0;
				TARGETED_DEVICE_FAMILY = "1,2";
			};
			name = Release;
		};
/* End XCBuildConfiguration section */

/* Begin XCConfigurationList section */
		FA1C5F6525304DD600A14157 /* Build configuration list for PBXNativeTarget "Viper App Wrong Example" */ = {
			isa = XCConfigurationList;
			buildConfigurations = (
				FA1C5F6625304DD600A14157 /* Debug */,
				FA1C5F6725304DD600A14157 /* Release */,
			);
			defaultConfigurationIsVisible = 0;
			defaultConfigurationName = Release;
		};
		FA1C5F8A25304DDB00A14157 /* Build configuration list for PBXNativeTarget "Viper App Correct Example" */ = {
			isa = XCConfigurationList;
			buildConfigurations = (
				FA1C5F8B25304DDB00A14157 /* Debug */,
				FA1C5F8C25304DDB00A14157 /* Release */,
			);
			defaultConfigurationIsVisible = 0;
			defaultConfigurationName = Release;
		};
		FA1F9F1A2529F0FA00FDE804 /* Build configuration list for PBXProject "Viper App" */ = {
			isa = XCConfigurationList;
			buildConfigurations = (
				FA1F9F312529F0FF00FDE804 /* Debug */,
				FA1F9F322529F0FF00FDE804 /* Release */,
			);
			defaultConfigurationIsVisible = 0;
			defaultConfigurationName = Release;
		};
		FA1F9F332529F0FF00FDE804 /* Build configuration list for PBXNativeTarget "Viper App" */ = {
			isa = XCConfigurationList;
			buildConfigurations = (
				FA1F9F342529F0FF00FDE804 /* Debug */,
				FA1F9F352529F0FF00FDE804 /* Release */,
			);
			defaultConfigurationIsVisible = 0;
			defaultConfigurationName = Release;
		};
/* End XCConfigurationList section */
	};
	rootObject = FA1F9F172529F0FA00FDE804 /* Project object */;
}
